// !$*UTF8*$!
{
	archiveVersion = 1;
	classes = {
	};
	objectVersion = 56;
	objects = {

/* Begin PBXBuildFile section */
		F4469C2F2BA571E1002E8179 /* XCTestCase+MemoryLeakTracking.swift in Sources */ = {isa = PBXBuildFile; fileRef = F45B46892BA2248D0059E30E /* XCTestCase+MemoryLeakTracking.swift */; };
		F45B468A2BA2248D0059E30E /* XCTestCase+MemoryLeakTracking.swift in Sources */ = {isa = PBXBuildFile; fileRef = F45B46892BA2248D0059E30E /* XCTestCase+MemoryLeakTracking.swift */; };
		F475D7EA2BA4DEA200208EDC /* URLSessionHTTPClient.swift in Sources */ = {isa = PBXBuildFile; fileRef = F475D7E92BA4DEA200208EDC /* URLSessionHTTPClient.swift */; };
		F475D7F22BA4E9E400208EDC /* EssentialFeedAPIEndToEndTests.swift in Sources */ = {isa = PBXBuildFile; fileRef = F475D7F12BA4E9E400208EDC /* EssentialFeedAPIEndToEndTests.swift */; };
		F475D7F32BA4E9E400208EDC /* EssentialFeed.framework in Frameworks */ = {isa = PBXBuildFile; fileRef = F482E63D2B9C9B3B00373F93 /* EssentialFeed.framework */; };
		F4829CD32BA04F30002B7F9D /* RemoteFeedLoaderTests.swift in Sources */ = {isa = PBXBuildFile; fileRef = F4829CD22BA04F30002B7F9D /* RemoteFeedLoaderTests.swift */; };
		F4829CD62BA05CE8002B7F9D /* RemoteFeedLoader.swift in Sources */ = {isa = PBXBuildFile; fileRef = F4829CD52BA05CE8002B7F9D /* RemoteFeedLoader.swift */; };
		F4829CD82BA19819002B7F9D /* HTTPClient.swift in Sources */ = {isa = PBXBuildFile; fileRef = F4829CD72BA19819002B7F9D /* HTTPClient.swift */; };
		F4829CDA2BA19886002B7F9D /* FeedItemsMapper.swift in Sources */ = {isa = PBXBuildFile; fileRef = F4829CD92BA19886002B7F9D /* FeedItemsMapper.swift */; };
		F4829CDD2BA1BB69002B7F9D /* URLSessionHTTPClientTests.swift in Sources */ = {isa = PBXBuildFile; fileRef = F4829CDC2BA1BB69002B7F9D /* URLSessionHTTPClientTests.swift */; };
		F482E6462B9C9B3B00373F93 /* EssentialFeed.framework in Frameworks */ = {isa = PBXBuildFile; fileRef = F482E63D2B9C9B3B00373F93 /* EssentialFeed.framework */; };
		F482E64B2B9C9B3B00373F93 /* EssentialFeedTests.swift in Sources */ = {isa = PBXBuildFile; fileRef = F482E64A2B9C9B3B00373F93 /* EssentialFeedTests.swift */; };
		F482E6562B9C9B5800373F93 /* FeedItem.swift in Sources */ = {isa = PBXBuildFile; fileRef = F482E6552B9C9B5800373F93 /* FeedItem.swift */; };
		F482E6582B9C9C8100373F93 /* FeedLoader.swift in Sources */ = {isa = PBXBuildFile; fileRef = F482E6572B9C9C8100373F93 /* FeedLoader.swift */; };
/* End PBXBuildFile section */

/* Begin PBXContainerItemProxy section */
		F475D7F42BA4E9E400208EDC /* PBXContainerItemProxy */ = {
			isa = PBXContainerItemProxy;
			containerPortal = F482E6342B9C9B3B00373F93 /* Project object */;
			proxyType = 1;
			remoteGlobalIDString = F482E63C2B9C9B3B00373F93;
			remoteInfo = EssentialFeed;
		};
		F482E6472B9C9B3B00373F93 /* PBXContainerItemProxy */ = {
			isa = PBXContainerItemProxy;
			containerPortal = F482E6342B9C9B3B00373F93 /* Project object */;
			proxyType = 1;
			remoteGlobalIDString = F482E63C2B9C9B3B00373F93;
			remoteInfo = EssentialFeed;
		};
/* End PBXContainerItemProxy section */

/* Begin PBXFileReference section */
		F45B46892BA2248D0059E30E /* XCTestCase+MemoryLeakTracking.swift */ = {isa = PBXFileReference; lastKnownFileType = sourcecode.swift; path = "XCTestCase+MemoryLeakTracking.swift"; sourceTree = "<group>"; };
		F475D7E92BA4DEA200208EDC /* URLSessionHTTPClient.swift */ = {isa = PBXFileReference; lastKnownFileType = sourcecode.swift; path = URLSessionHTTPClient.swift; sourceTree = "<group>"; };
		F475D7EF2BA4E9E400208EDC /* EssentialFeedAPIEndToEndTests.xctest */ = {isa = PBXFileReference; explicitFileType = wrapper.cfbundle; includeInIndex = 0; path = EssentialFeedAPIEndToEndTests.xctest; sourceTree = BUILT_PRODUCTS_DIR; };
		F475D7F12BA4E9E400208EDC /* EssentialFeedAPIEndToEndTests.swift */ = {isa = PBXFileReference; lastKnownFileType = sourcecode.swift; path = EssentialFeedAPIEndToEndTests.swift; sourceTree = "<group>"; };
		F4829CD22BA04F30002B7F9D /* RemoteFeedLoaderTests.swift */ = {isa = PBXFileReference; lastKnownFileType = sourcecode.swift; path = RemoteFeedLoaderTests.swift; sourceTree = "<group>"; };
		F4829CD52BA05CE8002B7F9D /* RemoteFeedLoader.swift */ = {isa = PBXFileReference; lastKnownFileType = sourcecode.swift; path = RemoteFeedLoader.swift; sourceTree = "<group>"; };
		F4829CD72BA19819002B7F9D /* HTTPClient.swift */ = {isa = PBXFileReference; lastKnownFileType = sourcecode.swift; path = HTTPClient.swift; sourceTree = "<group>"; };
		F4829CD92BA19886002B7F9D /* FeedItemsMapper.swift */ = {isa = PBXFileReference; lastKnownFileType = sourcecode.swift; path = FeedItemsMapper.swift; sourceTree = "<group>"; };
		F4829CDC2BA1BB69002B7F9D /* URLSessionHTTPClientTests.swift */ = {isa = PBXFileReference; lastKnownFileType = sourcecode.swift; path = URLSessionHTTPClientTests.swift; sourceTree = "<group>"; };
		F482E63D2B9C9B3B00373F93 /* EssentialFeed.framework */ = {isa = PBXFileReference; explicitFileType = wrapper.framework; includeInIndex = 0; path = EssentialFeed.framework; sourceTree = BUILT_PRODUCTS_DIR; };
		F482E6452B9C9B3B00373F93 /* EssentialFeedTests.xctest */ = {isa = PBXFileReference; explicitFileType = wrapper.cfbundle; includeInIndex = 0; path = EssentialFeedTests.xctest; sourceTree = BUILT_PRODUCTS_DIR; };
		F482E64A2B9C9B3B00373F93 /* EssentialFeedTests.swift */ = {isa = PBXFileReference; lastKnownFileType = sourcecode.swift; path = EssentialFeedTests.swift; sourceTree = "<group>"; };
		F482E6552B9C9B5800373F93 /* FeedItem.swift */ = {isa = PBXFileReference; lastKnownFileType = sourcecode.swift; path = FeedItem.swift; sourceTree = "<group>"; };
		F482E6572B9C9C8100373F93 /* FeedLoader.swift */ = {isa = PBXFileReference; lastKnownFileType = sourcecode.swift; path = FeedLoader.swift; sourceTree = "<group>"; };
/* End PBXFileReference section */

/* Begin PBXFrameworksBuildPhase section */
		F475D7EC2BA4E9E400208EDC /* Frameworks */ = {
			isa = PBXFrameworksBuildPhase;
			buildActionMask = 2147483647;
			files = (
				F475D7F32BA4E9E400208EDC /* EssentialFeed.framework in Frameworks */,
			);
			runOnlyForDeploymentPostprocessing = 0;
		};
		F482E63A2B9C9B3B00373F93 /* Frameworks */ = {
			isa = PBXFrameworksBuildPhase;
			buildActionMask = 2147483647;
			files = (
			);
			runOnlyForDeploymentPostprocessing = 0;
		};
		F482E6422B9C9B3B00373F93 /* Frameworks */ = {
			isa = PBXFrameworksBuildPhase;
			buildActionMask = 2147483647;
			files = (
				F482E6462B9C9B3B00373F93 /* EssentialFeed.framework in Frameworks */,
			);
			runOnlyForDeploymentPostprocessing = 0;
		};
/* End PBXFrameworksBuildPhase section */

/* Begin PBXGroup section */
		F45B46882BA2246B0059E30E /* Helpers */ = {
			isa = PBXGroup;
			children = (
				F45B46892BA2248D0059E30E /* XCTestCase+MemoryLeakTracking.swift */,
			);
			path = Helpers;
			sourceTree = "<group>";
		};
		F475D7F02BA4E9E400208EDC /* EssentialFeedAPIEndToEndTests */ = {
			isa = PBXGroup;
			children = (
				F475D7F12BA4E9E400208EDC /* EssentialFeedAPIEndToEndTests.swift */,
			);
			path = EssentialFeedAPIEndToEndTests;
			sourceTree = "<group>";
		};
		F4829CD42BA05CCE002B7F9D /* Feed API */ = {
			isa = PBXGroup;
			children = (
				F4829CD52BA05CE8002B7F9D /* RemoteFeedLoader.swift */,
				F4829CD72BA19819002B7F9D /* HTTPClient.swift */,
				F4829CD92BA19886002B7F9D /* FeedItemsMapper.swift */,
				F475D7E92BA4DEA200208EDC /* URLSessionHTTPClient.swift */,
			);
			path = "Feed API";
			sourceTree = "<group>";
		};
		F4829CDB2BA1A0D1002B7F9D /* Feed API */ = {
			isa = PBXGroup;
			children = (
				F45B46882BA2246B0059E30E /* Helpers */,
				F4829CD22BA04F30002B7F9D /* RemoteFeedLoaderTests.swift */,
				F4829CDC2BA1BB69002B7F9D /* URLSessionHTTPClientTests.swift */,
			);
			path = "Feed API";
			sourceTree = "<group>";
		};
		F482E6332B9C9B3B00373F93 = {
			isa = PBXGroup;
			children = (
				F482E63F2B9C9B3B00373F93 /* EssentialFeed */,
				F482E6492B9C9B3B00373F93 /* EssentialFeedTests */,
				F475D7F02BA4E9E400208EDC /* EssentialFeedAPIEndToEndTests */,
				F482E63E2B9C9B3B00373F93 /* Products */,
			);
			sourceTree = "<group>";
		};
		F482E63E2B9C9B3B00373F93 /* Products */ = {
			isa = PBXGroup;
			children = (
				F482E63D2B9C9B3B00373F93 /* EssentialFeed.framework */,
				F482E6452B9C9B3B00373F93 /* EssentialFeedTests.xctest */,
				F475D7EF2BA4E9E400208EDC /* EssentialFeedAPIEndToEndTests.xctest */,
			);
			name = Products;
			sourceTree = "<group>";
		};
		F482E63F2B9C9B3B00373F93 /* EssentialFeed */ = {
			isa = PBXGroup;
			children = (
				F482E65E2B9C9D7700373F93 /* Fead Feature */,
				F4829CD42BA05CCE002B7F9D /* Feed API */,
			);
			path = EssentialFeed;
			sourceTree = "<group>";
		};
		F482E6492B9C9B3B00373F93 /* EssentialFeedTests */ = {
			isa = PBXGroup;
			children = (
				F482E64A2B9C9B3B00373F93 /* EssentialFeedTests.swift */,
				F4829CDB2BA1A0D1002B7F9D /* Feed API */,
			);
			path = EssentialFeedTests;
			sourceTree = "<group>";
		};
		F482E65E2B9C9D7700373F93 /* Fead Feature */ = {
			isa = PBXGroup;
			children = (
				F482E6552B9C9B5800373F93 /* FeedItem.swift */,
				F482E6572B9C9C8100373F93 /* FeedLoader.swift */,
			);
			path = "Fead Feature";
			sourceTree = "<group>";
		};
/* End PBXGroup section */

/* Begin PBXHeadersBuildPhase section */
		F482E6382B9C9B3B00373F93 /* Headers */ = {
			isa = PBXHeadersBuildPhase;
			buildActionMask = 2147483647;
			files = (
			);
			runOnlyForDeploymentPostprocessing = 0;
		};
/* End PBXHeadersBuildPhase section */

/* Begin PBXNativeTarget section */
		F475D7EE2BA4E9E400208EDC /* EssentialFeedAPIEndToEndTests */ = {
			isa = PBXNativeTarget;
			buildConfigurationList = F475D7F62BA4E9E400208EDC /* Build configuration list for PBXNativeTarget "EssentialFeedAPIEndToEndTests" */;
			buildPhases = (
				F475D7EB2BA4E9E400208EDC /* Sources */,
				F475D7EC2BA4E9E400208EDC /* Frameworks */,
				F475D7ED2BA4E9E400208EDC /* Resources */,
			);
			buildRules = (
			);
			dependencies = (
				F475D7F52BA4E9E400208EDC /* PBXTargetDependency */,
			);
			name = EssentialFeedAPIEndToEndTests;
			productName = EssentialFeedAPIEndToEndTests;
			productReference = F475D7EF2BA4E9E400208EDC /* EssentialFeedAPIEndToEndTests.xctest */;
			productType = "com.apple.product-type.bundle.unit-test";
		};
		F482E63C2B9C9B3B00373F93 /* EssentialFeed */ = {
			isa = PBXNativeTarget;
			buildConfigurationList = F482E64F2B9C9B3B00373F93 /* Build configuration list for PBXNativeTarget "EssentialFeed" */;
			buildPhases = (
				F482E6382B9C9B3B00373F93 /* Headers */,
				F482E6392B9C9B3B00373F93 /* Sources */,
				F482E63A2B9C9B3B00373F93 /* Frameworks */,
				F482E63B2B9C9B3B00373F93 /* Resources */,
			);
			buildRules = (
			);
			dependencies = (
			);
			name = EssentialFeed;
			productName = EssentialFeed;
			productReference = F482E63D2B9C9B3B00373F93 /* EssentialFeed.framework */;
			productType = "com.apple.product-type.framework";
		};
		F482E6442B9C9B3B00373F93 /* EssentialFeedTests */ = {
			isa = PBXNativeTarget;
			buildConfigurationList = F482E6522B9C9B3B00373F93 /* Build configuration list for PBXNativeTarget "EssentialFeedTests" */;
			buildPhases = (
				F482E6412B9C9B3B00373F93 /* Sources */,
				F482E6422B9C9B3B00373F93 /* Frameworks */,
				F482E6432B9C9B3B00373F93 /* Resources */,
			);
			buildRules = (
			);
			dependencies = (
				F482E6482B9C9B3B00373F93 /* PBXTargetDependency */,
			);
			name = EssentialFeedTests;
			productName = EssentialFeedTests;
			productReference = F482E6452B9C9B3B00373F93 /* EssentialFeedTests.xctest */;
			productType = "com.apple.product-type.bundle.unit-test";
		};
/* End PBXNativeTarget section */

/* Begin PBXProject section */
		F482E6342B9C9B3B00373F93 /* Project object */ = {
			isa = PBXProject;
			attributes = {
				BuildIndependentTargetsInParallel = 1;
				LastSwiftUpdateCheck = 1520;
				LastUpgradeCheck = 1520;
				TargetAttributes = {
					F475D7EE2BA4E9E400208EDC = {
						CreatedOnToolsVersion = 15.2;
					};
					F482E63C2B9C9B3B00373F93 = {
						CreatedOnToolsVersion = 15.2;
						LastSwiftMigration = 1520;
					};
					F482E6442B9C9B3B00373F93 = {
						CreatedOnToolsVersion = 15.2;
					};
				};
			};
			buildConfigurationList = F482E6372B9C9B3B00373F93 /* Build configuration list for PBXProject "EssentialFeed" */;
			compatibilityVersion = "Xcode 14.0";
			developmentRegion = en;
			hasScannedForEncodings = 0;
			knownRegions = (
				en,
				Base,
			);
			mainGroup = F482E6332B9C9B3B00373F93;
			productRefGroup = F482E63E2B9C9B3B00373F93 /* Products */;
			projectDirPath = "";
			projectRoot = "";
			targets = (
				F482E63C2B9C9B3B00373F93 /* EssentialFeed */,
				F482E6442B9C9B3B00373F93 /* EssentialFeedTests */,
				F475D7EE2BA4E9E400208EDC /* EssentialFeedAPIEndToEndTests */,
			);
		};
/* End PBXProject section */

/* Begin PBXResourcesBuildPhase section */
		F475D7ED2BA4E9E400208EDC /* Resources */ = {
			isa = PBXResourcesBuildPhase;
			buildActionMask = 2147483647;
			files = (
			);
			runOnlyForDeploymentPostprocessing = 0;
		};
		F482E63B2B9C9B3B00373F93 /* Resources */ = {
			isa = PBXResourcesBuildPhase;
			buildActionMask = 2147483647;
			files = (
			);
			runOnlyForDeploymentPostprocessing = 0;
		};
		F482E6432B9C9B3B00373F93 /* Resources */ = {
			isa = PBXResourcesBuildPhase;
			buildActionMask = 2147483647;
			files = (
			);
			runOnlyForDeploymentPostprocessing = 0;
		};
/* End PBXResourcesBuildPhase section */

/* Begin PBXSourcesBuildPhase section */
		F475D7EB2BA4E9E400208EDC /* Sources */ = {
			isa = PBXSourcesBuildPhase;
			buildActionMask = 2147483647;
			files = (
				F475D7F22BA4E9E400208EDC /* EssentialFeedAPIEndToEndTests.swift in Sources */,
				F4469C2F2BA571E1002E8179 /* XCTestCase+MemoryLeakTracking.swift in Sources */,
			);
			runOnlyForDeploymentPostprocessing = 0;
		};
		F482E6392B9C9B3B00373F93 /* Sources */ = {
			isa = PBXSourcesBuildPhase;
			buildActionMask = 2147483647;
			files = (
				F4829CDA2BA19886002B7F9D /* FeedItemsMapper.swift in Sources */,
				F482E6582B9C9C8100373F93 /* FeedLoader.swift in Sources */,
				F4829CD62BA05CE8002B7F9D /* RemoteFeedLoader.swift in Sources */,
				F4829CD82BA19819002B7F9D /* HTTPClient.swift in Sources */,
				F482E6562B9C9B5800373F93 /* FeedItem.swift in Sources */,
				F475D7EA2BA4DEA200208EDC /* URLSessionHTTPClient.swift in Sources */,
			);
			runOnlyForDeploymentPostprocessing = 0;
		};
		F482E6412B9C9B3B00373F93 /* Sources */ = {
			isa = PBXSourcesBuildPhase;
			buildActionMask = 2147483647;
			files = (
				F4829CD32BA04F30002B7F9D /* RemoteFeedLoaderTests.swift in Sources */,
				F4829CDD2BA1BB69002B7F9D /* URLSessionHTTPClientTests.swift in Sources */,
				F45B468A2BA2248D0059E30E /* XCTestCase+MemoryLeakTracking.swift in Sources */,
				F482E64B2B9C9B3B00373F93 /* EssentialFeedTests.swift in Sources */,
			);
			runOnlyForDeploymentPostprocessing = 0;
		};
/* End PBXSourcesBuildPhase section */

/* Begin PBXTargetDependency section */
		F475D7F52BA4E9E400208EDC /* PBXTargetDependency */ = {
			isa = PBXTargetDependency;
			target = F482E63C2B9C9B3B00373F93 /* EssentialFeed */;
			targetProxy = F475D7F42BA4E9E400208EDC /* PBXContainerItemProxy */;
		};
		F482E6482B9C9B3B00373F93 /* PBXTargetDependency */ = {
			isa = PBXTargetDependency;
			target = F482E63C2B9C9B3B00373F93 /* EssentialFeed */;
			targetProxy = F482E6472B9C9B3B00373F93 /* PBXContainerItemProxy */;
		};
/* End PBXTargetDependency section */

/* Begin XCBuildConfiguration section */
		F475D7F72BA4E9E400208EDC /* Debug */ = {
			isa = XCBuildConfiguration;
			buildSettings = {
				CODE_SIGN_STYLE = Automatic;
				CURRENT_PROJECT_VERSION = 1;
				DEVELOPMENT_TEAM = SC3D86JVL3;
				GENERATE_INFOPLIST_FILE = YES;
				MARKETING_VERSION = 1.0;
				PRODUCT_BUNDLE_IDENTIFIER = com.afsal.EssentialFeed.EssentialFeedAPIEndToEndTests;
				PRODUCT_NAME = "$(TARGET_NAME)";
				SWIFT_EMIT_LOC_STRINGS = NO;
				SWIFT_VERSION = 5.0;
			};
			name = Debug;
		};
		F475D7F82BA4E9E400208EDC /* Release */ = {
			isa = XCBuildConfiguration;
			buildSettings = {
				CODE_SIGN_STYLE = Automatic;
				CURRENT_PROJECT_VERSION = 1;
				DEVELOPMENT_TEAM = SC3D86JVL3;
				GENERATE_INFOPLIST_FILE = YES;
				MARKETING_VERSION = 1.0;
				PRODUCT_BUNDLE_IDENTIFIER = com.afsal.EssentialFeed.EssentialFeedAPIEndToEndTests;
				PRODUCT_NAME = "$(TARGET_NAME)";
				SWIFT_EMIT_LOC_STRINGS = NO;
				SWIFT_VERSION = 5.0;
			};
			name = Release;
		};
		F482E64D2B9C9B3B00373F93 /* Debug */ = {
			isa = XCBuildConfiguration;
			buildSettings = {
				ALWAYS_SEARCH_USER_PATHS = NO;
				ASSETCATALOG_COMPILER_GENERATE_SWIFT_ASSET_SYMBOL_EXTENSIONS = YES;
				CLANG_ANALYZER_NONNULL = YES;
				CLANG_ANALYZER_NUMBER_OBJECT_CONVERSION = YES_AGGRESSIVE;
				CLANG_CXX_LANGUAGE_STANDARD = "gnu++20";
				CLANG_ENABLE_MODULES = YES;
				CLANG_ENABLE_OBJC_ARC = YES;
				CLANG_ENABLE_OBJC_WEAK = YES;
				CLANG_WARN_BLOCK_CAPTURE_AUTORELEASING = YES;
				CLANG_WARN_BOOL_CONVERSION = YES;
				CLANG_WARN_COMMA = YES;
				CLANG_WARN_CONSTANT_CONVERSION = YES;
				CLANG_WARN_DEPRECATED_OBJC_IMPLEMENTATIONS = YES;
				CLANG_WARN_DIRECT_OBJC_ISA_USAGE = YES_ERROR;
				CLANG_WARN_DOCUMENTATION_COMMENTS = YES;
				CLANG_WARN_EMPTY_BODY = YES;
				CLANG_WARN_ENUM_CONVERSION = YES;
				CLANG_WARN_INFINITE_RECURSION = YES;
				CLANG_WARN_INT_CONVERSION = YES;
				CLANG_WARN_NON_LITERAL_NULL_CONVERSION = YES;
				CLANG_WARN_OBJC_IMPLICIT_RETAIN_SELF = YES;
				CLANG_WARN_OBJC_LITERAL_CONVERSION = YES;
				CLANG_WARN_OBJC_ROOT_CLASS = YES_ERROR;
				CLANG_WARN_QUOTED_INCLUDE_IN_FRAMEWORK_HEADER = YES;
				CLANG_WARN_RANGE_LOOP_ANALYSIS = YES;
				CLANG_WARN_STRICT_PROTOTYPES = YES;
				CLANG_WARN_SUSPICIOUS_MOVE = YES;
				CLANG_WARN_UNGUARDED_AVAILABILITY = YES_AGGRESSIVE;
				CLANG_WARN_UNREACHABLE_CODE = YES;
				CLANG_WARN__DUPLICATE_METHOD_MATCH = YES;
				COPY_PHASE_STRIP = NO;
				CURRENT_PROJECT_VERSION = 1;
				DEBUG_INFORMATION_FORMAT = dwarf;
				ENABLE_STRICT_OBJC_MSGSEND = YES;
				ENABLE_TESTABILITY = YES;
				ENABLE_USER_SCRIPT_SANDBOXING = YES;
				GCC_C_LANGUAGE_STANDARD = gnu17;
				GCC_DYNAMIC_NO_PIC = NO;
				GCC_NO_COMMON_BLOCKS = YES;
				GCC_OPTIMIZATION_LEVEL = 0;
				GCC_PREPROCESSOR_DEFINITIONS = (
					"DEBUG=1",
					"$(inherited)",
				);
				GCC_WARN_64_TO_32_BIT_CONVERSION = YES;
				GCC_WARN_ABOUT_RETURN_TYPE = YES_ERROR;
				GCC_WARN_UNDECLARED_SELECTOR = YES;
				GCC_WARN_UNINITIALIZED_AUTOS = YES_AGGRESSIVE;
				GCC_WARN_UNUSED_FUNCTION = YES;
				GCC_WARN_UNUSED_VARIABLE = YES;
				LOCALIZATION_PREFERS_STRING_CATALOGS = YES;
				MACOSX_DEPLOYMENT_TARGET = 14.2;
				MTL_ENABLE_DEBUG_INFO = INCLUDE_SOURCE;
				MTL_FAST_MATH = YES;
				ONLY_ACTIVE_ARCH = YES;
				SDKROOT = macosx;
				SWIFT_ACTIVE_COMPILATION_CONDITIONS = "DEBUG $(inherited)";
				SWIFT_OPTIMIZATION_LEVEL = "-Onone";
				VERSIONING_SYSTEM = "apple-generic";
				VERSION_INFO_PREFIX = "";
			};
			name = Debug;
		};
		F482E64E2B9C9B3B00373F93 /* Release */ = {
			isa = XCBuildConfiguration;
			buildSettings = {
				ALWAYS_SEARCH_USER_PATHS = NO;
				ASSETCATALOG_COMPILER_GENERATE_SWIFT_ASSET_SYMBOL_EXTENSIONS = YES;
				CLANG_ANALYZER_NONNULL = YES;
				CLANG_ANALYZER_NUMBER_OBJECT_CONVERSION = YES_AGGRESSIVE;
				CLANG_CXX_LANGUAGE_STANDARD = "gnu++20";
				CLANG_ENABLE_MODULES = YES;
				CLANG_ENABLE_OBJC_ARC = YES;
				CLANG_ENABLE_OBJC_WEAK = YES;
				CLANG_WARN_BLOCK_CAPTURE_AUTORELEASING = YES;
				CLANG_WARN_BOOL_CONVERSION = YES;
				CLANG_WARN_COMMA = YES;
				CLANG_WARN_CONSTANT_CONVERSION = YES;
				CLANG_WARN_DEPRECATED_OBJC_IMPLEMENTATIONS = YES;
				CLANG_WARN_DIRECT_OBJC_ISA_USAGE = YES_ERROR;
				CLANG_WARN_DOCUMENTATION_COMMENTS = YES;
				CLANG_WARN_EMPTY_BODY = YES;
				CLANG_WARN_ENUM_CONVERSION = YES;
				CLANG_WARN_INFINITE_RECURSION = YES;
				CLANG_WARN_INT_CONVERSION = YES;
				CLANG_WARN_NON_LITERAL_NULL_CONVERSION = YES;
				CLANG_WARN_OBJC_IMPLICIT_RETAIN_SELF = YES;
				CLANG_WARN_OBJC_LITERAL_CONVERSION = YES;
				CLANG_WARN_OBJC_ROOT_CLASS = YES_ERROR;
				CLANG_WARN_QUOTED_INCLUDE_IN_FRAMEWORK_HEADER = YES;
				CLANG_WARN_RANGE_LOOP_ANALYSIS = YES;
				CLANG_WARN_STRICT_PROTOTYPES = YES;
				CLANG_WARN_SUSPICIOUS_MOVE = YES;
				CLANG_WARN_UNGUARDED_AVAILABILITY = YES_AGGRESSIVE;
				CLANG_WARN_UNREACHABLE_CODE = YES;
				CLANG_WARN__DUPLICATE_METHOD_MATCH = YES;
				COPY_PHASE_STRIP = NO;
				CURRENT_PROJECT_VERSION = 1;
				DEBUG_INFORMATION_FORMAT = "dwarf-with-dsym";
				ENABLE_NS_ASSERTIONS = NO;
				ENABLE_STRICT_OBJC_MSGSEND = YES;
				ENABLE_USER_SCRIPT_SANDBOXING = YES;
				GCC_C_LANGUAGE_STANDARD = gnu17;
				GCC_NO_COMMON_BLOCKS = YES;
				GCC_WARN_64_TO_32_BIT_CONVERSION = YES;
				GCC_WARN_ABOUT_RETURN_TYPE = YES_ERROR;
				GCC_WARN_UNDECLARED_SELECTOR = YES;
				GCC_WARN_UNINITIALIZED_AUTOS = YES_AGGRESSIVE;
				GCC_WARN_UNUSED_FUNCTION = YES;
				GCC_WARN_UNUSED_VARIABLE = YES;
				LOCALIZATION_PREFERS_STRING_CATALOGS = YES;
				MACOSX_DEPLOYMENT_TARGET = 14.2;
				MTL_ENABLE_DEBUG_INFO = NO;
				MTL_FAST_MATH = YES;
				SDKROOT = macosx;
				SWIFT_COMPILATION_MODE = wholemodule;
				VERSIONING_SYSTEM = "apple-generic";
				VERSION_INFO_PREFIX = "";
			};
			name = Release;
		};
		F482E6502B9C9B3B00373F93 /* Debug */ = {
			isa = XCBuildConfiguration;
			buildSettings = {
				CLANG_ENABLE_MODULES = YES;
				CODE_SIGN_STYLE = Automatic;
				COMBINE_HIDPI_IMAGES = YES;
				CURRENT_PROJECT_VERSION = 1;
				DEFINES_MODULE = YES;
				DEVELOPMENT_TEAM = SC3D86JVL3;
				DYLIB_COMPATIBILITY_VERSION = 1;
				DYLIB_CURRENT_VERSION = 1;
				DYLIB_INSTALL_NAME_BASE = "@rpath";
				ENABLE_MODULE_VERIFIER = YES;
				GENERATE_INFOPLIST_FILE = YES;
				INFOPLIST_KEY_NSHumanReadableCopyright = "";
				INSTALL_PATH = "$(LOCAL_LIBRARY_DIR)/Frameworks";
				LD_RUNPATH_SEARCH_PATHS = (
					"$(inherited)",
					"@executable_path/../Frameworks",
					"@loader_path/Frameworks",
				);
				MARKETING_VERSION = 1.0;
				MODULE_VERIFIER_SUPPORTED_LANGUAGES = "objective-c objective-c++";
				MODULE_VERIFIER_SUPPORTED_LANGUAGE_STANDARDS = "gnu17 gnu++20";
				PRODUCT_BUNDLE_IDENTIFIER = com.afsal.EssentialFeed.EssentialFeed;
				PRODUCT_NAME = "$(TARGET_NAME:c99extidentifier)";
				SKIP_INSTALL = YES;
				SWIFT_EMIT_LOC_STRINGS = YES;
				SWIFT_OPTIMIZATION_LEVEL = "-Onone";
				SWIFT_VERSION = 5.0;
			};
			name = Debug;
		};
		F482E6512B9C9B3B00373F93 /* Release */ = {
			isa = XCBuildConfiguration;
			buildSettings = {
				CLANG_ENABLE_MODULES = YES;
				CODE_SIGN_STYLE = Automatic;
				COMBINE_HIDPI_IMAGES = YES;
				CURRENT_PROJECT_VERSION = 1;
				DEFINES_MODULE = YES;
				DEVELOPMENT_TEAM = SC3D86JVL3;
				DYLIB_COMPATIBILITY_VERSION = 1;
				DYLIB_CURRENT_VERSION = 1;
				DYLIB_INSTALL_NAME_BASE = "@rpath";
				ENABLE_MODULE_VERIFIER = YES;
				GENERATE_INFOPLIST_FILE = YES;
				INFOPLIST_KEY_NSHumanReadableCopyright = "";
				INSTALL_PATH = "$(LOCAL_LIBRARY_DIR)/Frameworks";
				LD_RUNPATH_SEARCH_PATHS = (
					"$(inherited)",
					"@executable_path/../Frameworks",
					"@loader_path/Frameworks",
				);
				MARKETING_VERSION = 1.0;
				MODULE_VERIFIER_SUPPORTED_LANGUAGES = "objective-c objective-c++";
				MODULE_VERIFIER_SUPPORTED_LANGUAGE_STANDARDS = "gnu17 gnu++20";
				PRODUCT_BUNDLE_IDENTIFIER = com.afsal.EssentialFeed.EssentialFeed;
				PRODUCT_NAME = "$(TARGET_NAME:c99extidentifier)";
				SKIP_INSTALL = YES;
				SWIFT_EMIT_LOC_STRINGS = YES;
				SWIFT_VERSION = 5.0;
			};
			name = Release;
		};
		F482E6532B9C9B3B00373F93 /* Debug */ = {
			isa = XCBuildConfiguration;
			buildSettings = {
				ALWAYS_EMBED_SWIFT_STANDARD_LIBRARIES = YES;
				CODE_SIGN_STYLE = Automatic;
				CURRENT_PROJECT_VERSION = 1;
				DEVELOPMENT_TEAM = SC3D86JVL3;
				GENERATE_INFOPLIST_FILE = YES;
				MARKETING_VERSION = 1.0;
				PRODUCT_BUNDLE_IDENTIFIER = com.afsal.EssentialFeed.EssentialFeedTests;
				PRODUCT_NAME = "$(TARGET_NAME)";
				SWIFT_EMIT_LOC_STRINGS = NO;
				SWIFT_VERSION = 5.0;
			};
			name = Debug;
		};
		F482E6542B9C9B3B00373F93 /* Release */ = {
			isa = XCBuildConfiguration;
			buildSettings = {
				ALWAYS_EMBED_SWIFT_STANDARD_LIBRARIES = YES;
				CODE_SIGN_STYLE = Automatic;
				CURRENT_PROJECT_VERSION = 1;
				DEVELOPMENT_TEAM = SC3D86JVL3;
				GENERATE_INFOPLIST_FILE = YES;
				MARKETING_VERSION = 1.0;
				PRODUCT_BUNDLE_IDENTIFIER = com.afsal.EssentialFeed.EssentialFeedTests;
				PRODUCT_NAME = "$(TARGET_NAME)";
				SWIFT_EMIT_LOC_STRINGS = NO;
				SWIFT_VERSION = 5.0;
			};
			name = Release;
		};
/* End XCBuildConfiguration section */

/* Begin XCConfigurationList section */
		F475D7F62BA4E9E400208EDC /* Build configuration list for PBXNativeTarget "EssentialFeedAPIEndToEndTests" */ = {
			isa = XCConfigurationList;
			buildConfigurations = (
				F475D7F72BA4E9E400208EDC /* Debug */,
				F475D7F82BA4E9E400208EDC /* Release */,
			);
			defaultConfigurationIsVisible = 0;
			defaultConfigurationName = Release;
		};
		F482E6372B9C9B3B00373F93 /* Build configuration list for PBXProject "EssentialFeed" */ = {
			isa = XCConfigurationList;
			buildConfigurations = (
				F482E64D2B9C9B3B00373F93 /* Debug */,
				F482E64E2B9C9B3B00373F93 /* Release */,
			);
			defaultConfigurationIsVisible = 0;
			defaultConfigurationName = Release;
		};
		F482E64F2B9C9B3B00373F93 /* Build configuration list for PBXNativeTarget "EssentialFeed" */ = {
			isa = XCConfigurationList;
			buildConfigurations = (
				F482E6502B9C9B3B00373F93 /* Debug */,
				F482E6512B9C9B3B00373F93 /* Release */,
			);
			defaultConfigurationIsVisible = 0;
			defaultConfigurationName = Release;
		};
		F482E6522B9C9B3B00373F93 /* Build configuration list for PBXNativeTarget "EssentialFeedTests" */ = {
			isa = XCConfigurationList;
			buildConfigurations = (
				F482E6532B9C9B3B00373F93 /* Debug */,
				F482E6542B9C9B3B00373F93 /* Release */,
			);
			defaultConfigurationIsVisible = 0;
			defaultConfigurationName = Release;
		};
/* End XCConfigurationList section */
	};
	rootObject = F482E6342B9C9B3B00373F93 /* Project object */;
}
