// !$*UTF8*$!
{
	archiveVersion = 1;
	classes = {
	};
	objectVersion = 56;
	objects = {

/* Begin PBXBuildFile section */
		F41546772BA70A79000C45A5 /* CacheFeedUseCaseTests.swift in Sources */ = {isa = PBXBuildFile; fileRef = F41546762BA70A79000C45A5 /* CacheFeedUseCaseTests.swift */; };
		F41546792BA70E09000C45A5 /* SharedTestHelpers.swift in Sources */ = {isa = PBXBuildFile; fileRef = F41546782BA70E09000C45A5 /* SharedTestHelpers.swift */; };
		F42931502BB41E1000886E1A /* FeedStoreSpecs.swift in Sources */ = {isa = PBXBuildFile; fileRef = F429314F2BB41E1000886E1A /* FeedStoreSpecs.swift */; };
		F42931522BB41FA100886E1A /* XCTestCase+FeedStoreSpecs.swift in Sources */ = {isa = PBXBuildFile; fileRef = F42931512BB41FA100886E1A /* XCTestCase+FeedStoreSpecs.swift */; };
		F42931542BB4445600886E1A /* XCTestCase+FailableRetrieveFeedStoreSpecs.swift in Sources */ = {isa = PBXBuildFile; fileRef = F42931532BB4445600886E1A /* XCTestCase+FailableRetrieveFeedStoreSpecs.swift */; };
		F42931562BB445E100886E1A /* XCTestCase+FailableInsertFeedStoreSpecs.swift in Sources */ = {isa = PBXBuildFile; fileRef = F42931552BB445E100886E1A /* XCTestCase+FailableInsertFeedStoreSpecs.swift */; };
		F42931582BB446CF00886E1A /* XCTestCase+FailableDeleteFeedStoreSpecs.swift in Sources */ = {isa = PBXBuildFile; fileRef = F42931572BB446CF00886E1A /* XCTestCase+FailableDeleteFeedStoreSpecs.swift */; };
		F429315A2BB49D8700886E1A /* CoreDataFeedStoreTests.swift in Sources */ = {isa = PBXBuildFile; fileRef = F42931592BB49D8700886E1A /* CoreDataFeedStoreTests.swift */; };
		F429315C2BB49F9900886E1A /* CoreDataFeedStore.swift in Sources */ = {isa = PBXBuildFile; fileRef = F429315B2BB49F9900886E1A /* CoreDataFeedStore.swift */; };
		F429315F2BB4A0A200886E1A /* FeedStore.xcdatamodeld in Sources */ = {isa = PBXBuildFile; fileRef = F429315D2BB4A0A200886E1A /* FeedStore.xcdatamodeld */; };
		F42931642BB5647200886E1A /* CoreDataHelpers.swift in Sources */ = {isa = PBXBuildFile; fileRef = F42931632BB5647200886E1A /* CoreDataHelpers.swift */; };
		F42931662BB564F800886E1A /* ManagedCache.swift in Sources */ = {isa = PBXBuildFile; fileRef = F42931652BB564F800886E1A /* ManagedCache.swift */; };
		F42931682BB5652E00886E1A /* ManagedFeedImage.swift in Sources */ = {isa = PBXBuildFile; fileRef = F42931672BB5652E00886E1A /* ManagedFeedImage.swift */; };
		F43207222BAADC0E00D47F75 /* ValidateFeedCacheUseCaseTests.swift in Sources */ = {isa = PBXBuildFile; fileRef = F43207212BAADC0E00D47F75 /* ValidateFeedCacheUseCaseTests.swift */; };
		F4458E1C2BA85D60008E710B /* LocalFeedLoader.swift in Sources */ = {isa = PBXBuildFile; fileRef = F4458E1B2BA85D60008E710B /* LocalFeedLoader.swift */; };
		F4458E1E2BA85DF3008E710B /* FeedStore.swift in Sources */ = {isa = PBXBuildFile; fileRef = F4458E1D2BA85DF3008E710B /* FeedStore.swift */; };
		F4458E202BA86B0B008E710B /* RemoteFeedItem.swift in Sources */ = {isa = PBXBuildFile; fileRef = F4458E1F2BA86B0B008E710B /* RemoteFeedItem.swift */; };
		F4458E222BA86B5B008E710B /* LocalFeedImage.swift in Sources */ = {isa = PBXBuildFile; fileRef = F4458E212BA86B5B008E710B /* LocalFeedImage.swift */; };
		F4458E242BA99282008E710B /* LoadFeedFromCacheUseCaseTests.swift in Sources */ = {isa = PBXBuildFile; fileRef = F4458E232BA99282008E710B /* LoadFeedFromCacheUseCaseTests.swift */; };
		F4458E262BA99400008E710B /* FeedStoreSpy.swift in Sources */ = {isa = PBXBuildFile; fileRef = F4458E252BA99400008E710B /* FeedStoreSpy.swift */; };
		F4469C2F2BA571E1002E8179 /* XCTestCase+MemoryLeakTracking.swift in Sources */ = {isa = PBXBuildFile; fileRef = F45B46892BA2248D0059E30E /* XCTestCase+MemoryLeakTracking.swift */; };
		F44958C22BB5884B00727450 /* EssentialFeedCacheIntegrationTests.swift in Sources */ = {isa = PBXBuildFile; fileRef = F44958C12BB5884B00727450 /* EssentialFeedCacheIntegrationTests.swift */; };
		F44958C32BB5884B00727450 /* EssentialFeed.framework in Frameworks */ = {isa = PBXBuildFile; fileRef = F482E63D2B9C9B3B00373F93 /* EssentialFeed.framework */; };
		F4549E5F2BAC1CED00188BDA /* FeedCacheTestHelpers.swift in Sources */ = {isa = PBXBuildFile; fileRef = F4549E5E2BAC1CED00188BDA /* FeedCacheTestHelpers.swift */; };
		F4549E612BAC332500188BDA /* FeedCachePolicy.swift in Sources */ = {isa = PBXBuildFile; fileRef = F4549E602BAC332500188BDA /* FeedCachePolicy.swift */; };
		F45B468A2BA2248D0059E30E /* XCTestCase+MemoryLeakTracking.swift in Sources */ = {isa = PBXBuildFile; fileRef = F45B46892BA2248D0059E30E /* XCTestCase+MemoryLeakTracking.swift */; };
		F460F8932BBB7A5900CF1EA4 /* FeedViewControllerTests.swift in Sources */ = {isa = PBXBuildFile; fileRef = F460F8922BBB7A5900CF1EA4 /* FeedViewControllerTests.swift */; };
		F460F89A2BBB7E0600CF1EA4 /* EssentialFeed.framework in Frameworks */ = {isa = PBXBuildFile; fileRef = F482E63D2B9C9B3B00373F93 /* EssentialFeed.framework */; };
		F460F89B2BBB7F5B00CF1EA4 /* XCTestCase+MemoryLeakTracking.swift in Sources */ = {isa = PBXBuildFile; fileRef = F45B46892BA2248D0059E30E /* XCTestCase+MemoryLeakTracking.swift */; };
		F460F89D2BBC1BD800CF1EA4 /* FeedViewController.swift in Sources */ = {isa = PBXBuildFile; fileRef = F460F89C2BBC1BD800CF1EA4 /* FeedViewController.swift */; };
		F475D7EA2BA4DEA200208EDC /* URLSessionHTTPClient.swift in Sources */ = {isa = PBXBuildFile; fileRef = F475D7E92BA4DEA200208EDC /* URLSessionHTTPClient.swift */; };
		F475D7F22BA4E9E400208EDC /* EssentialFeedAPIEndToEndTests.swift in Sources */ = {isa = PBXBuildFile; fileRef = F475D7F12BA4E9E400208EDC /* EssentialFeedAPIEndToEndTests.swift */; };
		F475D7F32BA4E9E400208EDC /* EssentialFeed.framework in Frameworks */ = {isa = PBXBuildFile; fileRef = F482E63D2B9C9B3B00373F93 /* EssentialFeed.framework */; };
		F47C86AC2BBD5D130098AB8E /* FeedImageCell.swift in Sources */ = {isa = PBXBuildFile; fileRef = F47C86AB2BBD5D130098AB8E /* FeedImageCell.swift */; };
		F4829CD32BA04F30002B7F9D /* LoadFeedFromRemoteUseCaseTests.swift in Sources */ = {isa = PBXBuildFile; fileRef = F4829CD22BA04F30002B7F9D /* LoadFeedFromRemoteUseCaseTests.swift */; };
		F4829CD62BA05CE8002B7F9D /* RemoteFeedLoader.swift in Sources */ = {isa = PBXBuildFile; fileRef = F4829CD52BA05CE8002B7F9D /* RemoteFeedLoader.swift */; };
		F4829CD82BA19819002B7F9D /* HTTPClient.swift in Sources */ = {isa = PBXBuildFile; fileRef = F4829CD72BA19819002B7F9D /* HTTPClient.swift */; };
		F4829CDA2BA19886002B7F9D /* FeedItemsMapper.swift in Sources */ = {isa = PBXBuildFile; fileRef = F4829CD92BA19886002B7F9D /* FeedItemsMapper.swift */; };
		F4829CDD2BA1BB69002B7F9D /* URLSessionHTTPClientTests.swift in Sources */ = {isa = PBXBuildFile; fileRef = F4829CDC2BA1BB69002B7F9D /* URLSessionHTTPClientTests.swift */; };
		F482E6462B9C9B3B00373F93 /* EssentialFeed.framework in Frameworks */ = {isa = PBXBuildFile; fileRef = F482E63D2B9C9B3B00373F93 /* EssentialFeed.framework */; };
		F482E6562B9C9B5800373F93 /* FeedImage.swift in Sources */ = {isa = PBXBuildFile; fileRef = F482E6552B9C9B5800373F93 /* FeedImage.swift */; };
		F482E6582B9C9C8100373F93 /* FeedLoader.swift in Sources */ = {isa = PBXBuildFile; fileRef = F482E6572B9C9C8100373F93 /* FeedLoader.swift */; };
		F49491552BBEDACA00E6E89D /* UIView+Shimmering.swift in Sources */ = {isa = PBXBuildFile; fileRef = F49491542BBEDACA00E6E89D /* UIView+Shimmering.swift */; };
		F49491582BC14A0300E6E89D /* UIImage+TestHelpers.swift in Sources */ = {isa = PBXBuildFile; fileRef = F49491572BC14A0300E6E89D /* UIImage+TestHelpers.swift */; };
		F494915A2BC14A6C00E6E89D /* UIRefreshControl+TestHelpers.swift in Sources */ = {isa = PBXBuildFile; fileRef = F49491592BC14A6C00E6E89D /* UIRefreshControl+TestHelpers.swift */; };
		F494915C2BC14B3100E6E89D /* UIButton+TestHelpers.swift in Sources */ = {isa = PBXBuildFile; fileRef = F494915B2BC14B3100E6E89D /* UIButton+TestHelpers.swift */; };
		F494915E2BC14B8D00E6E89D /* UIControl+TestHelpers.swift in Sources */ = {isa = PBXBuildFile; fileRef = F494915D2BC14B8D00E6E89D /* UIControl+TestHelpers.swift */; };
		F49491642BC14CE200E6E89D /* FeedViewController+TestHelpers.swift in Sources */ = {isa = PBXBuildFile; fileRef = F49491632BC14CE100E6E89D /* FeedViewController+TestHelpers.swift */; };
		F49491662BC14DEE00E6E89D /* FeedImageCell+TestHelpers.swift in Sources */ = {isa = PBXBuildFile; fileRef = F49491652BC14DEE00E6E89D /* FeedImageCell+TestHelpers.swift */; };
		F49491682BC14E9B00E6E89D /* FeedViewControllerTests+LoaderSpy.swift in Sources */ = {isa = PBXBuildFile; fileRef = F49491672BC14E9B00E6E89D /* FeedViewControllerTests+LoaderSpy.swift */; };
		F494916A2BC14F4200E6E89D /* FeedViewControllerTests+Assertions.swift in Sources */ = {isa = PBXBuildFile; fileRef = F49491692BC14F4200E6E89D /* FeedViewControllerTests+Assertions.swift */; };
		F494916F2BC1513A00E6E89D /* FeedImageDataLoader.swift in Sources */ = {isa = PBXBuildFile; fileRef = F494916E2BC1513A00E6E89D /* FeedImageDataLoader.swift */; };
		F49491712BC189B300E6E89D /* FeedRefreshViewController.swift in Sources */ = {isa = PBXBuildFile; fileRef = F49491702BC189B300E6E89D /* FeedRefreshViewController.swift */; };
		F49491732BC1A8DA00E6E89D /* FeedImageCellController.swift in Sources */ = {isa = PBXBuildFile; fileRef = F49491722BC1A8DA00E6E89D /* FeedImageCellController.swift */; };
		F494917C2BC1DD5F00E6E89D /* FeedUIComposer.swift in Sources */ = {isa = PBXBuildFile; fileRef = F494917B2BC1DD5F00E6E89D /* FeedUIComposer.swift */; };
		F49491822BC467F000E6E89D /* FeedViewModel.swift in Sources */ = {isa = PBXBuildFile; fileRef = F49491812BC467F000E6E89D /* FeedViewModel.swift */; };
		F49491842BC48CF000E6E89D /* FeedImageViewModel.swift in Sources */ = {isa = PBXBuildFile; fileRef = F49491832BC48CF000E6E89D /* FeedImageViewModel.swift */; };
		F4C6309A2BBB5A5A00C1FD7A /* EssentialFeediOS.framework in Frameworks */ = {isa = PBXBuildFile; fileRef = F4C630922BBB5A5A00C1FD7A /* EssentialFeediOS.framework */; };
		F4CD51482BB5909D00C5C99B /* SharedTestHelpers.swift in Sources */ = {isa = PBXBuildFile; fileRef = F41546782BA70E09000C45A5 /* SharedTestHelpers.swift */; };
		F4CD51492BB590B100C5C99B /* XCTestCase+MemoryLeakTracking.swift in Sources */ = {isa = PBXBuildFile; fileRef = F45B46892BA2248D0059E30E /* XCTestCase+MemoryLeakTracking.swift */; };
		F4CD514B2BB59FF300C5C99B /* FeedCacheTestHelpers.swift in Sources */ = {isa = PBXBuildFile; fileRef = F4549E5E2BAC1CED00188BDA /* FeedCacheTestHelpers.swift */; };
/* End PBXBuildFile section */

/* Begin PBXContainerItemProxy section */
		F44958C42BB5884B00727450 /* PBXContainerItemProxy */ = {
			isa = PBXContainerItemProxy;
			containerPortal = F482E6342B9C9B3B00373F93 /* Project object */;
			proxyType = 1;
			remoteGlobalIDString = F482E63C2B9C9B3B00373F93;
			remoteInfo = EssentialFeed;
		};
		F475D7F42BA4E9E400208EDC /* PBXContainerItemProxy */ = {
			isa = PBXContainerItemProxy;
			containerPortal = F482E6342B9C9B3B00373F93 /* Project object */;
			proxyType = 1;
			remoteGlobalIDString = F482E63C2B9C9B3B00373F93;
			remoteInfo = EssentialFeed;
		};
		F482E6472B9C9B3B00373F93 /* PBXContainerItemProxy */ = {
			isa = PBXContainerItemProxy;
			containerPortal = F482E6342B9C9B3B00373F93 /* Project object */;
			proxyType = 1;
			remoteGlobalIDString = F482E63C2B9C9B3B00373F93;
			remoteInfo = EssentialFeed;
		};
		F4C6309B2BBB5A5A00C1FD7A /* PBXContainerItemProxy */ = {
			isa = PBXContainerItemProxy;
			containerPortal = F482E6342B9C9B3B00373F93 /* Project object */;
			proxyType = 1;
			remoteGlobalIDString = F4C630912BBB5A5A00C1FD7A;
			remoteInfo = EssentialFeediOS;
		};
/* End PBXContainerItemProxy section */

/* Begin PBXFileReference section */
		F400E4B12BA5BB2300145483 /* EssentialFeedTests.xctestplan */ = {isa = PBXFileReference; lastKnownFileType = text; name = EssentialFeedTests.xctestplan; path = EssentialFeedTests/EssentialFeedTests.xctestplan; sourceTree = SOURCE_ROOT; };
		F400E4B22BA5BB9000145483 /* EssentialFeedAPIEndToEndTests.xctestplan */ = {isa = PBXFileReference; lastKnownFileType = text; path = EssentialFeedAPIEndToEndTests.xctestplan; sourceTree = "<group>"; };
		F41546762BA70A79000C45A5 /* CacheFeedUseCaseTests.swift */ = {isa = PBXFileReference; lastKnownFileType = sourcecode.swift; path = CacheFeedUseCaseTests.swift; sourceTree = "<group>"; };
		F41546782BA70E09000C45A5 /* SharedTestHelpers.swift */ = {isa = PBXFileReference; lastKnownFileType = sourcecode.swift; path = SharedTestHelpers.swift; sourceTree = "<group>"; };
		F429314F2BB41E1000886E1A /* FeedStoreSpecs.swift */ = {isa = PBXFileReference; lastKnownFileType = sourcecode.swift; path = FeedStoreSpecs.swift; sourceTree = "<group>"; };
		F42931512BB41FA100886E1A /* XCTestCase+FeedStoreSpecs.swift */ = {isa = PBXFileReference; lastKnownFileType = sourcecode.swift; path = "XCTestCase+FeedStoreSpecs.swift"; sourceTree = "<group>"; };
		F42931532BB4445600886E1A /* XCTestCase+FailableRetrieveFeedStoreSpecs.swift */ = {isa = PBXFileReference; lastKnownFileType = sourcecode.swift; path = "XCTestCase+FailableRetrieveFeedStoreSpecs.swift"; sourceTree = "<group>"; };
		F42931552BB445E100886E1A /* XCTestCase+FailableInsertFeedStoreSpecs.swift */ = {isa = PBXFileReference; lastKnownFileType = sourcecode.swift; path = "XCTestCase+FailableInsertFeedStoreSpecs.swift"; sourceTree = "<group>"; };
		F42931572BB446CF00886E1A /* XCTestCase+FailableDeleteFeedStoreSpecs.swift */ = {isa = PBXFileReference; lastKnownFileType = sourcecode.swift; path = "XCTestCase+FailableDeleteFeedStoreSpecs.swift"; sourceTree = "<group>"; };
		F42931592BB49D8700886E1A /* CoreDataFeedStoreTests.swift */ = {isa = PBXFileReference; lastKnownFileType = sourcecode.swift; path = CoreDataFeedStoreTests.swift; sourceTree = "<group>"; };
		F429315B2BB49F9900886E1A /* CoreDataFeedStore.swift */ = {isa = PBXFileReference; lastKnownFileType = sourcecode.swift; path = CoreDataFeedStore.swift; sourceTree = "<group>"; };
		F429315E2BB4A0A200886E1A /* FeedStore.xcdatamodel */ = {isa = PBXFileReference; lastKnownFileType = wrapper.xcdatamodel; path = FeedStore.xcdatamodel; sourceTree = "<group>"; };
		F42931632BB5647200886E1A /* CoreDataHelpers.swift */ = {isa = PBXFileReference; lastKnownFileType = sourcecode.swift; path = CoreDataHelpers.swift; sourceTree = "<group>"; };
		F42931652BB564F800886E1A /* ManagedCache.swift */ = {isa = PBXFileReference; lastKnownFileType = sourcecode.swift; path = ManagedCache.swift; sourceTree = "<group>"; };
		F42931672BB5652E00886E1A /* ManagedFeedImage.swift */ = {isa = PBXFileReference; lastKnownFileType = sourcecode.swift; path = ManagedFeedImage.swift; sourceTree = "<group>"; };
		F43207212BAADC0E00D47F75 /* ValidateFeedCacheUseCaseTests.swift */ = {isa = PBXFileReference; lastKnownFileType = sourcecode.swift; path = ValidateFeedCacheUseCaseTests.swift; sourceTree = "<group>"; };
		F4458E1B2BA85D60008E710B /* LocalFeedLoader.swift */ = {isa = PBXFileReference; lastKnownFileType = sourcecode.swift; path = LocalFeedLoader.swift; sourceTree = "<group>"; };
		F4458E1D2BA85DF3008E710B /* FeedStore.swift */ = {isa = PBXFileReference; lastKnownFileType = sourcecode.swift; path = FeedStore.swift; sourceTree = "<group>"; };
		F4458E1F2BA86B0B008E710B /* RemoteFeedItem.swift */ = {isa = PBXFileReference; lastKnownFileType = sourcecode.swift; path = RemoteFeedItem.swift; sourceTree = "<group>"; };
		F4458E212BA86B5B008E710B /* LocalFeedImage.swift */ = {isa = PBXFileReference; lastKnownFileType = sourcecode.swift; path = LocalFeedImage.swift; sourceTree = "<group>"; };
		F4458E232BA99282008E710B /* LoadFeedFromCacheUseCaseTests.swift */ = {isa = PBXFileReference; lastKnownFileType = sourcecode.swift; path = LoadFeedFromCacheUseCaseTests.swift; sourceTree = "<group>"; };
		F4458E252BA99400008E710B /* FeedStoreSpy.swift */ = {isa = PBXFileReference; lastKnownFileType = sourcecode.swift; path = FeedStoreSpy.swift; sourceTree = "<group>"; };
		F44958BF2BB5884B00727450 /* EssentialFeedCacheIntegrationTests.xctest */ = {isa = PBXFileReference; explicitFileType = wrapper.cfbundle; includeInIndex = 0; path = EssentialFeedCacheIntegrationTests.xctest; sourceTree = BUILT_PRODUCTS_DIR; };
		F44958C12BB5884B00727450 /* EssentialFeedCacheIntegrationTests.swift */ = {isa = PBXFileReference; lastKnownFileType = sourcecode.swift; path = EssentialFeedCacheIntegrationTests.swift; sourceTree = "<group>"; };
		F44958C92BB5889500727450 /* EssentialFeedCacheIntegrationTests.xctestplan */ = {isa = PBXFileReference; lastKnownFileType = text; path = EssentialFeedCacheIntegrationTests.xctestplan; sourceTree = SOURCE_ROOT; };
		F4549E5E2BAC1CED00188BDA /* FeedCacheTestHelpers.swift */ = {isa = PBXFileReference; lastKnownFileType = sourcecode.swift; path = FeedCacheTestHelpers.swift; sourceTree = "<group>"; };
		F4549E602BAC332500188BDA /* FeedCachePolicy.swift */ = {isa = PBXFileReference; lastKnownFileType = sourcecode.swift; path = FeedCachePolicy.swift; sourceTree = "<group>"; };
		F45B46892BA2248D0059E30E /* XCTestCase+MemoryLeakTracking.swift */ = {isa = PBXFileReference; lastKnownFileType = sourcecode.swift; path = "XCTestCase+MemoryLeakTracking.swift"; sourceTree = "<group>"; };
		F460F8922BBB7A5900CF1EA4 /* FeedViewControllerTests.swift */ = {isa = PBXFileReference; lastKnownFileType = sourcecode.swift; path = FeedViewControllerTests.swift; sourceTree = "<group>"; };
		F460F89C2BBC1BD800CF1EA4 /* FeedViewController.swift */ = {isa = PBXFileReference; lastKnownFileType = sourcecode.swift; path = FeedViewController.swift; sourceTree = "<group>"; };
		F468EE362BA594990025B541 /* CI.xctestplan */ = {isa = PBXFileReference; lastKnownFileType = text; path = CI.xctestplan; sourceTree = "<group>"; };
		F468EE372BA5B0450025B541 /* README.md */ = {isa = PBXFileReference; lastKnownFileType = net.daringfireball.markdown; name = README.md; path = ../README.md; sourceTree = "<group>"; };
		F475D7E92BA4DEA200208EDC /* URLSessionHTTPClient.swift */ = {isa = PBXFileReference; lastKnownFileType = sourcecode.swift; path = URLSessionHTTPClient.swift; sourceTree = "<group>"; };
		F475D7EF2BA4E9E400208EDC /* EssentialFeedAPIEndToEndTests.xctest */ = {isa = PBXFileReference; explicitFileType = wrapper.cfbundle; includeInIndex = 0; path = EssentialFeedAPIEndToEndTests.xctest; sourceTree = BUILT_PRODUCTS_DIR; };
		F475D7F12BA4E9E400208EDC /* EssentialFeedAPIEndToEndTests.swift */ = {isa = PBXFileReference; lastKnownFileType = sourcecode.swift; path = EssentialFeedAPIEndToEndTests.swift; sourceTree = "<group>"; };
		F47C86AB2BBD5D130098AB8E /* FeedImageCell.swift */ = {isa = PBXFileReference; lastKnownFileType = sourcecode.swift; path = FeedImageCell.swift; sourceTree = "<group>"; };
		F4829CD22BA04F30002B7F9D /* LoadFeedFromRemoteUseCaseTests.swift */ = {isa = PBXFileReference; lastKnownFileType = sourcecode.swift; path = LoadFeedFromRemoteUseCaseTests.swift; sourceTree = "<group>"; };
		F4829CD52BA05CE8002B7F9D /* RemoteFeedLoader.swift */ = {isa = PBXFileReference; lastKnownFileType = sourcecode.swift; path = RemoteFeedLoader.swift; sourceTree = "<group>"; };
		F4829CD72BA19819002B7F9D /* HTTPClient.swift */ = {isa = PBXFileReference; lastKnownFileType = sourcecode.swift; path = HTTPClient.swift; sourceTree = "<group>"; };
		F4829CD92BA19886002B7F9D /* FeedItemsMapper.swift */ = {isa = PBXFileReference; lastKnownFileType = sourcecode.swift; path = FeedItemsMapper.swift; sourceTree = "<group>"; };
		F4829CDC2BA1BB69002B7F9D /* URLSessionHTTPClientTests.swift */ = {isa = PBXFileReference; lastKnownFileType = sourcecode.swift; path = URLSessionHTTPClientTests.swift; sourceTree = "<group>"; };
		F482E63D2B9C9B3B00373F93 /* EssentialFeed.framework */ = {isa = PBXFileReference; explicitFileType = wrapper.framework; includeInIndex = 0; path = EssentialFeed.framework; sourceTree = BUILT_PRODUCTS_DIR; };
		F482E6452B9C9B3B00373F93 /* EssentialFeedTests.xctest */ = {isa = PBXFileReference; explicitFileType = wrapper.cfbundle; includeInIndex = 0; path = EssentialFeedTests.xctest; sourceTree = BUILT_PRODUCTS_DIR; };
		F482E6552B9C9B5800373F93 /* FeedImage.swift */ = {isa = PBXFileReference; lastKnownFileType = sourcecode.swift; path = FeedImage.swift; sourceTree = "<group>"; };
		F482E6572B9C9C8100373F93 /* FeedLoader.swift */ = {isa = PBXFileReference; lastKnownFileType = sourcecode.swift; path = FeedLoader.swift; sourceTree = "<group>"; };
		F49491542BBEDACA00E6E89D /* UIView+Shimmering.swift */ = {isa = PBXFileReference; lastKnownFileType = sourcecode.swift; path = "UIView+Shimmering.swift"; sourceTree = "<group>"; };
		F49491572BC14A0300E6E89D /* UIImage+TestHelpers.swift */ = {isa = PBXFileReference; lastKnownFileType = sourcecode.swift; path = "UIImage+TestHelpers.swift"; sourceTree = "<group>"; };
		F49491592BC14A6C00E6E89D /* UIRefreshControl+TestHelpers.swift */ = {isa = PBXFileReference; lastKnownFileType = sourcecode.swift; path = "UIRefreshControl+TestHelpers.swift"; sourceTree = "<group>"; };
		F494915B2BC14B3100E6E89D /* UIButton+TestHelpers.swift */ = {isa = PBXFileReference; lastKnownFileType = sourcecode.swift; path = "UIButton+TestHelpers.swift"; sourceTree = "<group>"; };
		F494915D2BC14B8D00E6E89D /* UIControl+TestHelpers.swift */ = {isa = PBXFileReference; lastKnownFileType = sourcecode.swift; path = "UIControl+TestHelpers.swift"; sourceTree = "<group>"; };
		F49491632BC14CE100E6E89D /* FeedViewController+TestHelpers.swift */ = {isa = PBXFileReference; lastKnownFileType = sourcecode.swift; path = "FeedViewController+TestHelpers.swift"; sourceTree = "<group>"; };
		F49491652BC14DEE00E6E89D /* FeedImageCell+TestHelpers.swift */ = {isa = PBXFileReference; lastKnownFileType = sourcecode.swift; path = "FeedImageCell+TestHelpers.swift"; sourceTree = "<group>"; };
		F49491672BC14E9B00E6E89D /* FeedViewControllerTests+LoaderSpy.swift */ = {isa = PBXFileReference; lastKnownFileType = sourcecode.swift; path = "FeedViewControllerTests+LoaderSpy.swift"; sourceTree = "<group>"; };
		F49491692BC14F4200E6E89D /* FeedViewControllerTests+Assertions.swift */ = {isa = PBXFileReference; lastKnownFileType = sourcecode.swift; path = "FeedViewControllerTests+Assertions.swift"; sourceTree = "<group>"; };
		F494916E2BC1513A00E6E89D /* FeedImageDataLoader.swift */ = {isa = PBXFileReference; lastKnownFileType = sourcecode.swift; path = FeedImageDataLoader.swift; sourceTree = "<group>"; };
		F49491702BC189B300E6E89D /* FeedRefreshViewController.swift */ = {isa = PBXFileReference; lastKnownFileType = sourcecode.swift; path = FeedRefreshViewController.swift; sourceTree = "<group>"; };
		F49491722BC1A8DA00E6E89D /* FeedImageCellController.swift */ = {isa = PBXFileReference; lastKnownFileType = sourcecode.swift; path = FeedImageCellController.swift; sourceTree = "<group>"; };
		F494917B2BC1DD5F00E6E89D /* FeedUIComposer.swift */ = {isa = PBXFileReference; lastKnownFileType = sourcecode.swift; path = FeedUIComposer.swift; sourceTree = "<group>"; };
		F49491812BC467F000E6E89D /* FeedViewModel.swift */ = {isa = PBXFileReference; lastKnownFileType = sourcecode.swift; path = FeedViewModel.swift; sourceTree = "<group>"; };
		F49491832BC48CF000E6E89D /* FeedImageViewModel.swift */ = {isa = PBXFileReference; lastKnownFileType = sourcecode.swift; path = FeedImageViewModel.swift; sourceTree = "<group>"; };
		F4C630922BBB5A5A00C1FD7A /* EssentialFeediOS.framework */ = {isa = PBXFileReference; explicitFileType = wrapper.framework; includeInIndex = 0; path = EssentialFeediOS.framework; sourceTree = BUILT_PRODUCTS_DIR; };
		F4C630992BBB5A5A00C1FD7A /* EssentialFeediOSTests.xctest */ = {isa = PBXFileReference; explicitFileType = wrapper.cfbundle; includeInIndex = 0; path = EssentialFeediOSTests.xctest; sourceTree = BUILT_PRODUCTS_DIR; };
		F4C630A72BBB5B0500C1FD7A /* EssentialFeediOSTests.xctestplan */ = {isa = PBXFileReference; lastKnownFileType = text; path = EssentialFeediOSTests.xctestplan; sourceTree = "<group>"; };
/* End PBXFileReference section */

/* Begin PBXFrameworksBuildPhase section */
		F44958BC2BB5884B00727450 /* Frameworks */ = {
			isa = PBXFrameworksBuildPhase;
			buildActionMask = 2147483647;
			files = (
				F44958C32BB5884B00727450 /* EssentialFeed.framework in Frameworks */,
			);
			runOnlyForDeploymentPostprocessing = 0;
		};
		F475D7EC2BA4E9E400208EDC /* Frameworks */ = {
			isa = PBXFrameworksBuildPhase;
			buildActionMask = 2147483647;
			files = (
				F475D7F32BA4E9E400208EDC /* EssentialFeed.framework in Frameworks */,
			);
			runOnlyForDeploymentPostprocessing = 0;
		};
		F482E63A2B9C9B3B00373F93 /* Frameworks */ = {
			isa = PBXFrameworksBuildPhase;
			buildActionMask = 2147483647;
			files = (
			);
			runOnlyForDeploymentPostprocessing = 0;
		};
		F482E6422B9C9B3B00373F93 /* Frameworks */ = {
			isa = PBXFrameworksBuildPhase;
			buildActionMask = 2147483647;
			files = (
				F482E6462B9C9B3B00373F93 /* EssentialFeed.framework in Frameworks */,
			);
			runOnlyForDeploymentPostprocessing = 0;
		};
		F4C6308F2BBB5A5A00C1FD7A /* Frameworks */ = {
			isa = PBXFrameworksBuildPhase;
			buildActionMask = 2147483647;
			files = (
				F460F89A2BBB7E0600CF1EA4 /* EssentialFeed.framework in Frameworks */,
			);
			runOnlyForDeploymentPostprocessing = 0;
		};
		F4C630962BBB5A5A00C1FD7A /* Frameworks */ = {
			isa = PBXFrameworksBuildPhase;
			buildActionMask = 2147483647;
			files = (
				F4C6309A2BBB5A5A00C1FD7A /* EssentialFeediOS.framework in Frameworks */,
			);
			runOnlyForDeploymentPostprocessing = 0;
		};
/* End PBXFrameworksBuildPhase section */

/* Begin PBXGroup section */
		F41546752BA70A21000C45A5 /* FeedCache */ = {
			isa = PBXGroup;
			children = (
				F4549E5D2BAC1CE000188BDA /* Helpers */,
				F429314F2BB41E1000886E1A /* FeedStoreSpecs.swift */,
				F41546762BA70A79000C45A5 /* CacheFeedUseCaseTests.swift */,
				F4458E232BA99282008E710B /* LoadFeedFromCacheUseCaseTests.swift */,
				F43207212BAADC0E00D47F75 /* ValidateFeedCacheUseCaseTests.swift */,
				F42931592BB49D8700886E1A /* CoreDataFeedStoreTests.swift */,
			);
			path = FeedCache;
			sourceTree = "<group>";
		};
		F42931602BB563A300886E1A /* Infrastructure */ = {
			isa = PBXGroup;
			children = (
				F42931612BB563E900886E1A /* CoreData */,
			);
			path = Infrastructure;
			sourceTree = "<group>";
		};
		F42931612BB563E900886E1A /* CoreData */ = {
			isa = PBXGroup;
			children = (
				F429315B2BB49F9900886E1A /* CoreDataFeedStore.swift */,
				F42931632BB5647200886E1A /* CoreDataHelpers.swift */,
				F42931652BB564F800886E1A /* ManagedCache.swift */,
				F42931672BB5652E00886E1A /* ManagedFeedImage.swift */,
				F429315D2BB4A0A200886E1A /* FeedStore.xcdatamodeld */,
			);
			path = CoreData;
			sourceTree = "<group>";
		};
		F4458E1A2BA85D50008E710B /* Feed Cache */ = {
			isa = PBXGroup;
			children = (
				F42931602BB563A300886E1A /* Infrastructure */,
				F4458E1B2BA85D60008E710B /* LocalFeedLoader.swift */,
				F4458E1D2BA85DF3008E710B /* FeedStore.swift */,
				F4458E212BA86B5B008E710B /* LocalFeedImage.swift */,
				F4549E602BAC332500188BDA /* FeedCachePolicy.swift */,
			);
			path = "Feed Cache";
			sourceTree = "<group>";
		};
		F44958C02BB5884B00727450 /* EssentialFeedCacheIntegrationTests */ = {
			isa = PBXGroup;
			children = (
				F44958C92BB5889500727450 /* EssentialFeedCacheIntegrationTests.xctestplan */,
				F44958C12BB5884B00727450 /* EssentialFeedCacheIntegrationTests.swift */,
			);
			path = EssentialFeedCacheIntegrationTests;
			sourceTree = "<group>";
		};
		F4549E5D2BAC1CE000188BDA /* Helpers */ = {
			isa = PBXGroup;
			children = (
				F4549E5E2BAC1CED00188BDA /* FeedCacheTestHelpers.swift */,
				F42931512BB41FA100886E1A /* XCTestCase+FeedStoreSpecs.swift */,
				F42931532BB4445600886E1A /* XCTestCase+FailableRetrieveFeedStoreSpecs.swift */,
				F42931552BB445E100886E1A /* XCTestCase+FailableInsertFeedStoreSpecs.swift */,
				F42931572BB446CF00886E1A /* XCTestCase+FailableDeleteFeedStoreSpecs.swift */,
			);
			path = Helpers;
			sourceTree = "<group>";
		};
		F45B46882BA2246B0059E30E /* Helpers */ = {
			isa = PBXGroup;
			children = (
				F45B46892BA2248D0059E30E /* XCTestCase+MemoryLeakTracking.swift */,
				F41546782BA70E09000C45A5 /* SharedTestHelpers.swift */,
				F4458E252BA99400008E710B /* FeedStoreSpy.swift */,
			);
			path = Helpers;
			sourceTree = "<group>";
		};
		F460F8942BBB7DD600CF1EA4 /* Frameworks */ = {
			isa = PBXGroup;
			children = (
			);
			name = Frameworks;
			sourceTree = "<group>";
		};
		F475D7F02BA4E9E400208EDC /* EssentialFeedAPIEndToEndTests */ = {
			isa = PBXGroup;
			children = (
				F400E4B22BA5BB9000145483 /* EssentialFeedAPIEndToEndTests.xctestplan */,
				F475D7F12BA4E9E400208EDC /* EssentialFeedAPIEndToEndTests.swift */,
			);
			path = EssentialFeedAPIEndToEndTests;
			sourceTree = "<group>";
		};
		F4829CD42BA05CCE002B7F9D /* Feed API */ = {
			isa = PBXGroup;
			children = (
				F4829CD52BA05CE8002B7F9D /* RemoteFeedLoader.swift */,
				F4829CD72BA19819002B7F9D /* HTTPClient.swift */,
				F4829CD92BA19886002B7F9D /* FeedItemsMapper.swift */,
				F475D7E92BA4DEA200208EDC /* URLSessionHTTPClient.swift */,
				F4458E1F2BA86B0B008E710B /* RemoteFeedItem.swift */,
			);
			path = "Feed API";
			sourceTree = "<group>";
		};
		F4829CDB2BA1A0D1002B7F9D /* Feed API */ = {
			isa = PBXGroup;
			children = (
				F4829CD22BA04F30002B7F9D /* LoadFeedFromRemoteUseCaseTests.swift */,
				F4829CDC2BA1BB69002B7F9D /* URLSessionHTTPClientTests.swift */,
			);
			path = "Feed API";
			sourceTree = "<group>";
		};
		F482E6332B9C9B3B00373F93 = {
			isa = PBXGroup;
			children = (
				F468EE372BA5B0450025B541 /* README.md */,
				F468EE362BA594990025B541 /* CI.xctestplan */,
				F482E63F2B9C9B3B00373F93 /* EssentialFeed */,
				F482E6492B9C9B3B00373F93 /* EssentialFeedTests */,
				F475D7F02BA4E9E400208EDC /* EssentialFeedAPIEndToEndTests */,
				F44958C02BB5884B00727450 /* EssentialFeedCacheIntegrationTests */,
				F4C630932BBB5A5A00C1FD7A /* EssentialFeediOS */,
				F4C6309D2BBB5A5A00C1FD7A /* EssentialFeediOSTests */,
				F482E63E2B9C9B3B00373F93 /* Products */,
				F460F8942BBB7DD600CF1EA4 /* Frameworks */,
			);
			sourceTree = "<group>";
		};
		F482E63E2B9C9B3B00373F93 /* Products */ = {
			isa = PBXGroup;
			children = (
				F482E63D2B9C9B3B00373F93 /* EssentialFeed.framework */,
				F482E6452B9C9B3B00373F93 /* EssentialFeedTests.xctest */,
				F475D7EF2BA4E9E400208EDC /* EssentialFeedAPIEndToEndTests.xctest */,
				F44958BF2BB5884B00727450 /* EssentialFeedCacheIntegrationTests.xctest */,
				F4C630922BBB5A5A00C1FD7A /* EssentialFeediOS.framework */,
				F4C630992BBB5A5A00C1FD7A /* EssentialFeediOSTests.xctest */,
			);
			name = Products;
			sourceTree = "<group>";
		};
		F482E63F2B9C9B3B00373F93 /* EssentialFeed */ = {
			isa = PBXGroup;
			children = (
				F4458E1A2BA85D50008E710B /* Feed Cache */,
				F482E65E2B9C9D7700373F93 /* Fead Feature */,
				F4829CD42BA05CCE002B7F9D /* Feed API */,
			);
			path = EssentialFeed;
			sourceTree = "<group>";
		};
		F482E6492B9C9B3B00373F93 /* EssentialFeedTests */ = {
			isa = PBXGroup;
			children = (
				F400E4B12BA5BB2300145483 /* EssentialFeedTests.xctestplan */,
				F45B46882BA2246B0059E30E /* Helpers */,
				F41546752BA70A21000C45A5 /* FeedCache */,
				F4829CDB2BA1A0D1002B7F9D /* Feed API */,
			);
			path = EssentialFeedTests;
			sourceTree = "<group>";
		};
		F482E65E2B9C9D7700373F93 /* Fead Feature */ = {
			isa = PBXGroup;
			children = (
				F482E6552B9C9B5800373F93 /* FeedImage.swift */,
				F482E6572B9C9C8100373F93 /* FeedLoader.swift */,
			);
			path = "Fead Feature";
			sourceTree = "<group>";
		};
		F49491562BC149D500E6E89D /* Helpers */ = {
			isa = PBXGroup;
			children = (
				F49491572BC14A0300E6E89D /* UIImage+TestHelpers.swift */,
				F49491592BC14A6C00E6E89D /* UIRefreshControl+TestHelpers.swift */,
				F494915B2BC14B3100E6E89D /* UIButton+TestHelpers.swift */,
				F494915D2BC14B8D00E6E89D /* UIControl+TestHelpers.swift */,
				F49491632BC14CE100E6E89D /* FeedViewController+TestHelpers.swift */,
				F49491652BC14DEE00E6E89D /* FeedImageCell+TestHelpers.swift */,
				F49491672BC14E9B00E6E89D /* FeedViewControllerTests+LoaderSpy.swift */,
				F49491692BC14F4200E6E89D /* FeedViewControllerTests+Assertions.swift */,
			);
			path = Helpers;
			sourceTree = "<group>";
		};
		F494915F2BC14C5400E6E89D /* Controllers */ = {
			isa = PBXGroup;
			children = (
				F460F89C2BBC1BD800CF1EA4 /* FeedViewController.swift */,
				F49491702BC189B300E6E89D /* FeedRefreshViewController.swift */,
				F49491722BC1A8DA00E6E89D /* FeedImageCellController.swift */,
			);
			path = Controllers;
			sourceTree = "<group>";
		};
		F49491602BC14C5B00E6E89D /* Views */ = {
			isa = PBXGroup;
			children = (
				F47C86AB2BBD5D130098AB8E /* FeedImageCell.swift */,
				F49491542BBEDACA00E6E89D /* UIView+Shimmering.swift */,
			);
			path = Views;
			sourceTree = "<group>";
		};
		F49491612BC14C8200E6E89D /* Controllers */ = {
			isa = PBXGroup;
			children = (
				F460F8922BBB7A5900CF1EA4 /* FeedViewControllerTests.swift */,
			);
			path = Controllers;
			sourceTree = "<group>";
		};
		F494916B2BC150C300E6E89D /* FeedUI */ = {
			isa = PBXGroup;
			children = (
				F494917A2BC1DD5600E6E89D /* Composers */,
				F49491802BC463C600E6E89D /* Models */,
				F494915F2BC14C5400E6E89D /* Controllers */,
				F49491602BC14C5B00E6E89D /* Views */,
			);
			path = FeedUI;
			sourceTree = "<group>";
		};
		F494916C2BC150D200E6E89D /* FeedUI */ = {
			isa = PBXGroup;
			children = (
				F49491612BC14C8200E6E89D /* Controllers */,
			);
			path = FeedUI;
			sourceTree = "<group>";
		};
		F494916D2BC1512700E6E89D /* Feed Image Loader */ = {
			isa = PBXGroup;
			children = (
				F494916E2BC1513A00E6E89D /* FeedImageDataLoader.swift */,
			);
			path = "Feed Image Loader";
			sourceTree = "<group>";
		};
		F494917A2BC1DD5600E6E89D /* Composers */ = {
			isa = PBXGroup;
			children = (
				F494917B2BC1DD5F00E6E89D /* FeedUIComposer.swift */,
			);
			path = Composers;
			sourceTree = "<group>";
		};
		F49491802BC463C600E6E89D /* Models */ = {
			isa = PBXGroup;
			children = (
				F49491812BC467F000E6E89D /* FeedViewModel.swift */,
				F49491832BC48CF000E6E89D /* FeedImageViewModel.swift */,
			);
			path = Models;
			sourceTree = "<group>";
		};
		F4C630932BBB5A5A00C1FD7A /* EssentialFeediOS */ = {
			isa = PBXGroup;
			children = (
				F494916D2BC1512700E6E89D /* Feed Image Loader */,
				F494916B2BC150C300E6E89D /* FeedUI */,
			);
			path = EssentialFeediOS;
			sourceTree = "<group>";
		};
		F4C6309D2BBB5A5A00C1FD7A /* EssentialFeediOSTests */ = {
			isa = PBXGroup;
			children = (
				F4C630A72BBB5B0500C1FD7A /* EssentialFeediOSTests.xctestplan */,
				F49491562BC149D500E6E89D /* Helpers */,
				F494916C2BC150D200E6E89D /* FeedUI */,
			);
			path = EssentialFeediOSTests;
			sourceTree = "<group>";
		};
/* End PBXGroup section */

/* Begin PBXHeadersBuildPhase section */
		F482E6382B9C9B3B00373F93 /* Headers */ = {
			isa = PBXHeadersBuildPhase;
			buildActionMask = 2147483647;
			files = (
			);
			runOnlyForDeploymentPostprocessing = 0;
		};
		F4C6308D2BBB5A5A00C1FD7A /* Headers */ = {
			isa = PBXHeadersBuildPhase;
			buildActionMask = 2147483647;
			files = (
			);
			runOnlyForDeploymentPostprocessing = 0;
		};
/* End PBXHeadersBuildPhase section */

/* Begin PBXNativeTarget section */
		F44958BE2BB5884B00727450 /* EssentialFeedCacheIntegrationTests */ = {
			isa = PBXNativeTarget;
			buildConfigurationList = F44958C82BB5884B00727450 /* Build configuration list for PBXNativeTarget "EssentialFeedCacheIntegrationTests" */;
			buildPhases = (
				F44958BB2BB5884B00727450 /* Sources */,
				F44958BC2BB5884B00727450 /* Frameworks */,
				F44958BD2BB5884B00727450 /* Resources */,
			);
			buildRules = (
			);
			dependencies = (
				F44958C52BB5884B00727450 /* PBXTargetDependency */,
			);
			name = EssentialFeedCacheIntegrationTests;
			productName = EssentialFeedCacheIntegrationTests;
			productReference = F44958BF2BB5884B00727450 /* EssentialFeedCacheIntegrationTests.xctest */;
			productType = "com.apple.product-type.bundle.unit-test";
		};
		F475D7EE2BA4E9E400208EDC /* EssentialFeedAPIEndToEndTests */ = {
			isa = PBXNativeTarget;
			buildConfigurationList = F475D7F62BA4E9E400208EDC /* Build configuration list for PBXNativeTarget "EssentialFeedAPIEndToEndTests" */;
			buildPhases = (
				F475D7EB2BA4E9E400208EDC /* Sources */,
				F475D7EC2BA4E9E400208EDC /* Frameworks */,
				F475D7ED2BA4E9E400208EDC /* Resources */,
			);
			buildRules = (
			);
			dependencies = (
				F475D7F52BA4E9E400208EDC /* PBXTargetDependency */,
			);
			name = EssentialFeedAPIEndToEndTests;
			productName = EssentialFeedAPIEndToEndTests;
			productReference = F475D7EF2BA4E9E400208EDC /* EssentialFeedAPIEndToEndTests.xctest */;
			productType = "com.apple.product-type.bundle.unit-test";
		};
		F482E63C2B9C9B3B00373F93 /* EssentialFeed */ = {
			isa = PBXNativeTarget;
			buildConfigurationList = F482E64F2B9C9B3B00373F93 /* Build configuration list for PBXNativeTarget "EssentialFeed" */;
			buildPhases = (
				F482E6382B9C9B3B00373F93 /* Headers */,
				F482E6392B9C9B3B00373F93 /* Sources */,
				F482E63A2B9C9B3B00373F93 /* Frameworks */,
				F482E63B2B9C9B3B00373F93 /* Resources */,
			);
			buildRules = (
			);
			dependencies = (
			);
			name = EssentialFeed;
			productName = EssentialFeed;
			productReference = F482E63D2B9C9B3B00373F93 /* EssentialFeed.framework */;
			productType = "com.apple.product-type.framework";
		};
		F482E6442B9C9B3B00373F93 /* EssentialFeedTests */ = {
			isa = PBXNativeTarget;
			buildConfigurationList = F482E6522B9C9B3B00373F93 /* Build configuration list for PBXNativeTarget "EssentialFeedTests" */;
			buildPhases = (
				F482E6412B9C9B3B00373F93 /* Sources */,
				F482E6422B9C9B3B00373F93 /* Frameworks */,
				F482E6432B9C9B3B00373F93 /* Resources */,
			);
			buildRules = (
			);
			dependencies = (
				F482E6482B9C9B3B00373F93 /* PBXTargetDependency */,
			);
			name = EssentialFeedTests;
			productName = EssentialFeedTests;
			productReference = F482E6452B9C9B3B00373F93 /* EssentialFeedTests.xctest */;
			productType = "com.apple.product-type.bundle.unit-test";
		};
		F4C630912BBB5A5A00C1FD7A /* EssentialFeediOS */ = {
			isa = PBXNativeTarget;
			buildConfigurationList = F4C630A12BBB5A5A00C1FD7A /* Build configuration list for PBXNativeTarget "EssentialFeediOS" */;
			buildPhases = (
				F4C6308D2BBB5A5A00C1FD7A /* Headers */,
				F4C6308E2BBB5A5A00C1FD7A /* Sources */,
				F4C6308F2BBB5A5A00C1FD7A /* Frameworks */,
				F4C630902BBB5A5A00C1FD7A /* Resources */,
			);
			buildRules = (
			);
			dependencies = (
			);
			name = EssentialFeediOS;
			productName = EssentialFeediOS;
			productReference = F4C630922BBB5A5A00C1FD7A /* EssentialFeediOS.framework */;
			productType = "com.apple.product-type.framework";
		};
		F4C630982BBB5A5A00C1FD7A /* EssentialFeediOSTests */ = {
			isa = PBXNativeTarget;
			buildConfigurationList = F4C630A42BBB5A5A00C1FD7A /* Build configuration list for PBXNativeTarget "EssentialFeediOSTests" */;
			buildPhases = (
				F4C630952BBB5A5A00C1FD7A /* Sources */,
				F4C630962BBB5A5A00C1FD7A /* Frameworks */,
				F4C630972BBB5A5A00C1FD7A /* Resources */,
			);
			buildRules = (
			);
			dependencies = (
				F4C6309C2BBB5A5A00C1FD7A /* PBXTargetDependency */,
			);
			name = EssentialFeediOSTests;
			productName = EssentialFeediOSTests;
			productReference = F4C630992BBB5A5A00C1FD7A /* EssentialFeediOSTests.xctest */;
			productType = "com.apple.product-type.bundle.unit-test";
		};
/* End PBXNativeTarget section */

/* Begin PBXProject section */
		F482E6342B9C9B3B00373F93 /* Project object */ = {
			isa = PBXProject;
			attributes = {
				BuildIndependentTargetsInParallel = 1;
				LastSwiftUpdateCheck = 1530;
				LastUpgradeCheck = 1530;
				TargetAttributes = {
					F44958BE2BB5884B00727450 = {
						CreatedOnToolsVersion = 15.3;
					};
					F475D7EE2BA4E9E400208EDC = {
						CreatedOnToolsVersion = 15.2;
					};
					F482E63C2B9C9B3B00373F93 = {
						CreatedOnToolsVersion = 15.2;
						LastSwiftMigration = 1520;
					};
					F482E6442B9C9B3B00373F93 = {
						CreatedOnToolsVersion = 15.2;
					};
					F4C630912BBB5A5A00C1FD7A = {
						CreatedOnToolsVersion = 15.3;
						LastSwiftMigration = 1530;
					};
					F4C630982BBB5A5A00C1FD7A = {
						CreatedOnToolsVersion = 15.3;
						LastSwiftMigration = 1530;
					};
				};
			};
			buildConfigurationList = F482E6372B9C9B3B00373F93 /* Build configuration list for PBXProject "EssentialFeed" */;
			compatibilityVersion = "Xcode 14.0";
			developmentRegion = en;
			hasScannedForEncodings = 0;
			knownRegions = (
				en,
				Base,
			);
			mainGroup = F482E6332B9C9B3B00373F93;
			productRefGroup = F482E63E2B9C9B3B00373F93 /* Products */;
			projectDirPath = "";
			projectRoot = "";
			targets = (
				F482E63C2B9C9B3B00373F93 /* EssentialFeed */,
				F482E6442B9C9B3B00373F93 /* EssentialFeedTests */,
				F475D7EE2BA4E9E400208EDC /* EssentialFeedAPIEndToEndTests */,
				F44958BE2BB5884B00727450 /* EssentialFeedCacheIntegrationTests */,
				F4C630912BBB5A5A00C1FD7A /* EssentialFeediOS */,
				F4C630982BBB5A5A00C1FD7A /* EssentialFeediOSTests */,
			);
		};
/* End PBXProject section */

/* Begin PBXResourcesBuildPhase section */
		F44958BD2BB5884B00727450 /* Resources */ = {
			isa = PBXResourcesBuildPhase;
			buildActionMask = 2147483647;
			files = (
			);
			runOnlyForDeploymentPostprocessing = 0;
		};
		F475D7ED2BA4E9E400208EDC /* Resources */ = {
			isa = PBXResourcesBuildPhase;
			buildActionMask = 2147483647;
			files = (
			);
			runOnlyForDeploymentPostprocessing = 0;
		};
		F482E63B2B9C9B3B00373F93 /* Resources */ = {
			isa = PBXResourcesBuildPhase;
			buildActionMask = 2147483647;
			files = (
			);
			runOnlyForDeploymentPostprocessing = 0;
		};
		F482E6432B9C9B3B00373F93 /* Resources */ = {
			isa = PBXResourcesBuildPhase;
			buildActionMask = 2147483647;
			files = (
			);
			runOnlyForDeploymentPostprocessing = 0;
		};
		F4C630902BBB5A5A00C1FD7A /* Resources */ = {
			isa = PBXResourcesBuildPhase;
			buildActionMask = 2147483647;
			files = (
			);
			runOnlyForDeploymentPostprocessing = 0;
		};
		F4C630972BBB5A5A00C1FD7A /* Resources */ = {
			isa = PBXResourcesBuildPhase;
			buildActionMask = 2147483647;
			files = (
			);
			runOnlyForDeploymentPostprocessing = 0;
		};
/* End PBXResourcesBuildPhase section */

/* Begin PBXSourcesBuildPhase section */
		F44958BB2BB5884B00727450 /* Sources */ = {
			isa = PBXSourcesBuildPhase;
			buildActionMask = 2147483647;
			files = (
				F4CD514B2BB59FF300C5C99B /* FeedCacheTestHelpers.swift in Sources */,
				F4CD51482BB5909D00C5C99B /* SharedTestHelpers.swift in Sources */,
				F44958C22BB5884B00727450 /* EssentialFeedCacheIntegrationTests.swift in Sources */,
				F4CD51492BB590B100C5C99B /* XCTestCase+MemoryLeakTracking.swift in Sources */,
			);
			runOnlyForDeploymentPostprocessing = 0;
		};
		F475D7EB2BA4E9E400208EDC /* Sources */ = {
			isa = PBXSourcesBuildPhase;
			buildActionMask = 2147483647;
			files = (
				F475D7F22BA4E9E400208EDC /* EssentialFeedAPIEndToEndTests.swift in Sources */,
				F4469C2F2BA571E1002E8179 /* XCTestCase+MemoryLeakTracking.swift in Sources */,
			);
			runOnlyForDeploymentPostprocessing = 0;
		};
		F482E6392B9C9B3B00373F93 /* Sources */ = {
			isa = PBXSourcesBuildPhase;
			buildActionMask = 2147483647;
			files = (
				F42931642BB5647200886E1A /* CoreDataHelpers.swift in Sources */,
				F4829CDA2BA19886002B7F9D /* FeedItemsMapper.swift in Sources */,
				F482E6582B9C9C8100373F93 /* FeedLoader.swift in Sources */,
				F4458E202BA86B0B008E710B /* RemoteFeedItem.swift in Sources */,
				F4549E612BAC332500188BDA /* FeedCachePolicy.swift in Sources */,
				F4829CD62BA05CE8002B7F9D /* RemoteFeedLoader.swift in Sources */,
				F429315F2BB4A0A200886E1A /* FeedStore.xcdatamodeld in Sources */,
				F4458E222BA86B5B008E710B /* LocalFeedImage.swift in Sources */,
				F4458E1E2BA85DF3008E710B /* FeedStore.swift in Sources */,
				F4458E1C2BA85D60008E710B /* LocalFeedLoader.swift in Sources */,
				F4829CD82BA19819002B7F9D /* HTTPClient.swift in Sources */,
				F482E6562B9C9B5800373F93 /* FeedImage.swift in Sources */,
				F475D7EA2BA4DEA200208EDC /* URLSessionHTTPClient.swift in Sources */,
				F42931662BB564F800886E1A /* ManagedCache.swift in Sources */,
				F429315C2BB49F9900886E1A /* CoreDataFeedStore.swift in Sources */,
				F42931682BB5652E00886E1A /* ManagedFeedImage.swift in Sources */,
			);
			runOnlyForDeploymentPostprocessing = 0;
		};
		F482E6412B9C9B3B00373F93 /* Sources */ = {
			isa = PBXSourcesBuildPhase;
			buildActionMask = 2147483647;
			files = (
				F4829CD32BA04F30002B7F9D /* LoadFeedFromRemoteUseCaseTests.swift in Sources */,
				F4829CDD2BA1BB69002B7F9D /* URLSessionHTTPClientTests.swift in Sources */,
				F41546792BA70E09000C45A5 /* SharedTestHelpers.swift in Sources */,
				F42931562BB445E100886E1A /* XCTestCase+FailableInsertFeedStoreSpecs.swift in Sources */,
				F45B468A2BA2248D0059E30E /* XCTestCase+MemoryLeakTracking.swift in Sources */,
				F4549E5F2BAC1CED00188BDA /* FeedCacheTestHelpers.swift in Sources */,
				F43207222BAADC0E00D47F75 /* ValidateFeedCacheUseCaseTests.swift in Sources */,
				F4458E262BA99400008E710B /* FeedStoreSpy.swift in Sources */,
				F42931582BB446CF00886E1A /* XCTestCase+FailableDeleteFeedStoreSpecs.swift in Sources */,
				F42931542BB4445600886E1A /* XCTestCase+FailableRetrieveFeedStoreSpecs.swift in Sources */,
				F4458E242BA99282008E710B /* LoadFeedFromCacheUseCaseTests.swift in Sources */,
				F42931502BB41E1000886E1A /* FeedStoreSpecs.swift in Sources */,
				F41546772BA70A79000C45A5 /* CacheFeedUseCaseTests.swift in Sources */,
				F429315A2BB49D8700886E1A /* CoreDataFeedStoreTests.swift in Sources */,
				F42931522BB41FA100886E1A /* XCTestCase+FeedStoreSpecs.swift in Sources */,
			);
			runOnlyForDeploymentPostprocessing = 0;
		};
		F4C6308E2BBB5A5A00C1FD7A /* Sources */ = {
			isa = PBXSourcesBuildPhase;
			buildActionMask = 2147483647;
			files = (
				F494916F2BC1513A00E6E89D /* FeedImageDataLoader.swift in Sources */,
				F49491552BBEDACA00E6E89D /* UIView+Shimmering.swift in Sources */,
				F460F89D2BBC1BD800CF1EA4 /* FeedViewController.swift in Sources */,
				F49491712BC189B300E6E89D /* FeedRefreshViewController.swift in Sources */,
				F47C86AC2BBD5D130098AB8E /* FeedImageCell.swift in Sources */,
				F49491842BC48CF000E6E89D /* FeedImageViewModel.swift in Sources */,
				F49491732BC1A8DA00E6E89D /* FeedImageCellController.swift in Sources */,
				F49491822BC467F000E6E89D /* FeedViewModel.swift in Sources */,
				F494917C2BC1DD5F00E6E89D /* FeedUIComposer.swift in Sources */,
			);
			runOnlyForDeploymentPostprocessing = 0;
		};
		F4C630952BBB5A5A00C1FD7A /* Sources */ = {
			isa = PBXSourcesBuildPhase;
			buildActionMask = 2147483647;
			files = (
				F460F8932BBB7A5900CF1EA4 /* FeedViewControllerTests.swift in Sources */,
				F494916A2BC14F4200E6E89D /* FeedViewControllerTests+Assertions.swift in Sources */,
				F494915C2BC14B3100E6E89D /* UIButton+TestHelpers.swift in Sources */,
				F494915A2BC14A6C00E6E89D /* UIRefreshControl+TestHelpers.swift in Sources */,
				F494915E2BC14B8D00E6E89D /* UIControl+TestHelpers.swift in Sources */,
				F49491682BC14E9B00E6E89D /* FeedViewControllerTests+LoaderSpy.swift in Sources */,
				F49491642BC14CE200E6E89D /* FeedViewController+TestHelpers.swift in Sources */,
				F460F89B2BBB7F5B00CF1EA4 /* XCTestCase+MemoryLeakTracking.swift in Sources */,
				F49491582BC14A0300E6E89D /* UIImage+TestHelpers.swift in Sources */,
				F49491662BC14DEE00E6E89D /* FeedImageCell+TestHelpers.swift in Sources */,
			);
			runOnlyForDeploymentPostprocessing = 0;
		};
/* End PBXSourcesBuildPhase section */

/* Begin PBXTargetDependency section */
		F44958C52BB5884B00727450 /* PBXTargetDependency */ = {
			isa = PBXTargetDependency;
			target = F482E63C2B9C9B3B00373F93 /* EssentialFeed */;
			targetProxy = F44958C42BB5884B00727450 /* PBXContainerItemProxy */;
		};
		F475D7F52BA4E9E400208EDC /* PBXTargetDependency */ = {
			isa = PBXTargetDependency;
			target = F482E63C2B9C9B3B00373F93 /* EssentialFeed */;
			targetProxy = F475D7F42BA4E9E400208EDC /* PBXContainerItemProxy */;
		};
		F482E6482B9C9B3B00373F93 /* PBXTargetDependency */ = {
			isa = PBXTargetDependency;
			target = F482E63C2B9C9B3B00373F93 /* EssentialFeed */;
			targetProxy = F482E6472B9C9B3B00373F93 /* PBXContainerItemProxy */;
		};
		F4C6309C2BBB5A5A00C1FD7A /* PBXTargetDependency */ = {
			isa = PBXTargetDependency;
			target = F4C630912BBB5A5A00C1FD7A /* EssentialFeediOS */;
			targetProxy = F4C6309B2BBB5A5A00C1FD7A /* PBXContainerItemProxy */;
		};
/* End PBXTargetDependency section */

/* Begin XCBuildConfiguration section */
		F44958C62BB5884B00727450 /* Debug */ = {
			isa = XCBuildConfiguration;
			buildSettings = {
				CODE_SIGN_STYLE = Automatic;
				CURRENT_PROJECT_VERSION = 1;
				DEVELOPMENT_TEAM = SC3D86JVL3;
				GENERATE_INFOPLIST_FILE = YES;
				MACOSX_DEPLOYMENT_TARGET = 14.4;
				MARKETING_VERSION = 1.0;
				PRODUCT_BUNDLE_IDENTIFIER = com.afsal.EssentialFeed.EssentialFeedCacheIntegrationTests;
				PRODUCT_NAME = "$(TARGET_NAME)";
				SUPPORTED_PLATFORMS = "macosx iphoneos iphonesimulator";
				SWIFT_EMIT_LOC_STRINGS = NO;
				SWIFT_VERSION = 5.0;
			};
			name = Debug;
		};
		F44958C72BB5884B00727450 /* Release */ = {
			isa = XCBuildConfiguration;
			buildSettings = {
				CODE_SIGN_STYLE = Automatic;
				CURRENT_PROJECT_VERSION = 1;
				DEVELOPMENT_TEAM = SC3D86JVL3;
				GENERATE_INFOPLIST_FILE = YES;
				MACOSX_DEPLOYMENT_TARGET = 14.4;
				MARKETING_VERSION = 1.0;
				PRODUCT_BUNDLE_IDENTIFIER = com.afsal.EssentialFeed.EssentialFeedCacheIntegrationTests;
				PRODUCT_NAME = "$(TARGET_NAME)";
				SUPPORTED_PLATFORMS = "macosx iphoneos iphonesimulator";
				SWIFT_EMIT_LOC_STRINGS = NO;
				SWIFT_VERSION = 5.0;
			};
			name = Release;
		};
		F475D7F72BA4E9E400208EDC /* Debug */ = {
			isa = XCBuildConfiguration;
			buildSettings = {
				CODE_SIGN_STYLE = Automatic;
				CURRENT_PROJECT_VERSION = 1;
				DEAD_CODE_STRIPPING = YES;
				DEVELOPMENT_TEAM = SC3D86JVL3;
				GENERATE_INFOPLIST_FILE = YES;
				MARKETING_VERSION = 1.0;
				PRODUCT_BUNDLE_IDENTIFIER = com.afsal.EssentialFeed.EssentialFeedAPIEndToEndTests;
				PRODUCT_NAME = "$(TARGET_NAME)";
				SUPPORTED_PLATFORMS = "macosx iphoneos iphonesimulator";
				SWIFT_EMIT_LOC_STRINGS = NO;
				SWIFT_VERSION = 5.0;
			};
			name = Debug;
		};
		F475D7F82BA4E9E400208EDC /* Release */ = {
			isa = XCBuildConfiguration;
			buildSettings = {
				CODE_SIGN_STYLE = Automatic;
				CURRENT_PROJECT_VERSION = 1;
				DEAD_CODE_STRIPPING = YES;
				DEVELOPMENT_TEAM = SC3D86JVL3;
				GENERATE_INFOPLIST_FILE = YES;
				MARKETING_VERSION = 1.0;
				PRODUCT_BUNDLE_IDENTIFIER = com.afsal.EssentialFeed.EssentialFeedAPIEndToEndTests;
				PRODUCT_NAME = "$(TARGET_NAME)";
				SUPPORTED_PLATFORMS = "macosx iphoneos iphonesimulator";
				SWIFT_EMIT_LOC_STRINGS = NO;
				SWIFT_VERSION = 5.0;
			};
			name = Release;
		};
		F482E64D2B9C9B3B00373F93 /* Debug */ = {
			isa = XCBuildConfiguration;
			buildSettings = {
				ALWAYS_SEARCH_USER_PATHS = NO;
				ASSETCATALOG_COMPILER_GENERATE_SWIFT_ASSET_SYMBOL_EXTENSIONS = YES;
				CLANG_ANALYZER_NONNULL = YES;
				CLANG_ANALYZER_NUMBER_OBJECT_CONVERSION = YES_AGGRESSIVE;
				CLANG_CXX_LANGUAGE_STANDARD = "gnu++20";
				CLANG_ENABLE_MODULES = YES;
				CLANG_ENABLE_OBJC_ARC = YES;
				CLANG_ENABLE_OBJC_WEAK = YES;
				CLANG_WARN_BLOCK_CAPTURE_AUTORELEASING = YES;
				CLANG_WARN_BOOL_CONVERSION = YES;
				CLANG_WARN_COMMA = YES;
				CLANG_WARN_CONSTANT_CONVERSION = YES;
				CLANG_WARN_DEPRECATED_OBJC_IMPLEMENTATIONS = YES;
				CLANG_WARN_DIRECT_OBJC_ISA_USAGE = YES_ERROR;
				CLANG_WARN_DOCUMENTATION_COMMENTS = YES;
				CLANG_WARN_EMPTY_BODY = YES;
				CLANG_WARN_ENUM_CONVERSION = YES;
				CLANG_WARN_INFINITE_RECURSION = YES;
				CLANG_WARN_INT_CONVERSION = YES;
				CLANG_WARN_NON_LITERAL_NULL_CONVERSION = YES;
				CLANG_WARN_OBJC_IMPLICIT_RETAIN_SELF = YES;
				CLANG_WARN_OBJC_LITERAL_CONVERSION = YES;
				CLANG_WARN_OBJC_ROOT_CLASS = YES_ERROR;
				CLANG_WARN_QUOTED_INCLUDE_IN_FRAMEWORK_HEADER = YES;
				CLANG_WARN_RANGE_LOOP_ANALYSIS = YES;
				CLANG_WARN_STRICT_PROTOTYPES = YES;
				CLANG_WARN_SUSPICIOUS_MOVE = YES;
				CLANG_WARN_UNGUARDED_AVAILABILITY = YES_AGGRESSIVE;
				CLANG_WARN_UNREACHABLE_CODE = YES;
				CLANG_WARN__DUPLICATE_METHOD_MATCH = YES;
				COPY_PHASE_STRIP = NO;
				CURRENT_PROJECT_VERSION = 1;
				DEAD_CODE_STRIPPING = YES;
				DEBUG_INFORMATION_FORMAT = dwarf;
				ENABLE_STRICT_OBJC_MSGSEND = YES;
				ENABLE_TESTABILITY = YES;
				ENABLE_USER_SCRIPT_SANDBOXING = YES;
				GCC_C_LANGUAGE_STANDARD = gnu17;
				GCC_DYNAMIC_NO_PIC = NO;
				GCC_NO_COMMON_BLOCKS = YES;
				GCC_OPTIMIZATION_LEVEL = 0;
				GCC_PREPROCESSOR_DEFINITIONS = (
					"DEBUG=1",
					"$(inherited)",
				);
				GCC_WARN_64_TO_32_BIT_CONVERSION = YES;
				GCC_WARN_ABOUT_RETURN_TYPE = YES_ERROR;
				GCC_WARN_UNDECLARED_SELECTOR = YES;
				GCC_WARN_UNINITIALIZED_AUTOS = YES_AGGRESSIVE;
				GCC_WARN_UNUSED_FUNCTION = YES;
				GCC_WARN_UNUSED_VARIABLE = YES;
				LOCALIZATION_PREFERS_STRING_CATALOGS = YES;
				MACOSX_DEPLOYMENT_TARGET = 14.4;
				MTL_ENABLE_DEBUG_INFO = INCLUDE_SOURCE;
				MTL_FAST_MATH = YES;
				ONLY_ACTIVE_ARCH = YES;
				SDKROOT = macosx;
				SWIFT_ACTIVE_COMPILATION_CONDITIONS = "DEBUG $(inherited)";
				SWIFT_OPTIMIZATION_LEVEL = "-Onone";
				VERSIONING_SYSTEM = "apple-generic";
				VERSION_INFO_PREFIX = "";
			};
			name = Debug;
		};
		F482E64E2B9C9B3B00373F93 /* Release */ = {
			isa = XCBuildConfiguration;
			buildSettings = {
				ALWAYS_SEARCH_USER_PATHS = NO;
				ASSETCATALOG_COMPILER_GENERATE_SWIFT_ASSET_SYMBOL_EXTENSIONS = YES;
				CLANG_ANALYZER_NONNULL = YES;
				CLANG_ANALYZER_NUMBER_OBJECT_CONVERSION = YES_AGGRESSIVE;
				CLANG_CXX_LANGUAGE_STANDARD = "gnu++20";
				CLANG_ENABLE_MODULES = YES;
				CLANG_ENABLE_OBJC_ARC = YES;
				CLANG_ENABLE_OBJC_WEAK = YES;
				CLANG_WARN_BLOCK_CAPTURE_AUTORELEASING = YES;
				CLANG_WARN_BOOL_CONVERSION = YES;
				CLANG_WARN_COMMA = YES;
				CLANG_WARN_CONSTANT_CONVERSION = YES;
				CLANG_WARN_DEPRECATED_OBJC_IMPLEMENTATIONS = YES;
				CLANG_WARN_DIRECT_OBJC_ISA_USAGE = YES_ERROR;
				CLANG_WARN_DOCUMENTATION_COMMENTS = YES;
				CLANG_WARN_EMPTY_BODY = YES;
				CLANG_WARN_ENUM_CONVERSION = YES;
				CLANG_WARN_INFINITE_RECURSION = YES;
				CLANG_WARN_INT_CONVERSION = YES;
				CLANG_WARN_NON_LITERAL_NULL_CONVERSION = YES;
				CLANG_WARN_OBJC_IMPLICIT_RETAIN_SELF = YES;
				CLANG_WARN_OBJC_LITERAL_CONVERSION = YES;
				CLANG_WARN_OBJC_ROOT_CLASS = YES_ERROR;
				CLANG_WARN_QUOTED_INCLUDE_IN_FRAMEWORK_HEADER = YES;
				CLANG_WARN_RANGE_LOOP_ANALYSIS = YES;
				CLANG_WARN_STRICT_PROTOTYPES = YES;
				CLANG_WARN_SUSPICIOUS_MOVE = YES;
				CLANG_WARN_UNGUARDED_AVAILABILITY = YES_AGGRESSIVE;
				CLANG_WARN_UNREACHABLE_CODE = YES;
				CLANG_WARN__DUPLICATE_METHOD_MATCH = YES;
				COPY_PHASE_STRIP = NO;
				CURRENT_PROJECT_VERSION = 1;
				DEAD_CODE_STRIPPING = YES;
				DEBUG_INFORMATION_FORMAT = "dwarf-with-dsym";
				ENABLE_NS_ASSERTIONS = NO;
				ENABLE_STRICT_OBJC_MSGSEND = YES;
				ENABLE_USER_SCRIPT_SANDBOXING = YES;
				GCC_C_LANGUAGE_STANDARD = gnu17;
				GCC_NO_COMMON_BLOCKS = YES;
				GCC_WARN_64_TO_32_BIT_CONVERSION = YES;
				GCC_WARN_ABOUT_RETURN_TYPE = YES_ERROR;
				GCC_WARN_UNDECLARED_SELECTOR = YES;
				GCC_WARN_UNINITIALIZED_AUTOS = YES_AGGRESSIVE;
				GCC_WARN_UNUSED_FUNCTION = YES;
				GCC_WARN_UNUSED_VARIABLE = YES;
				LOCALIZATION_PREFERS_STRING_CATALOGS = YES;
				MACOSX_DEPLOYMENT_TARGET = 14.4;
				MTL_ENABLE_DEBUG_INFO = NO;
				MTL_FAST_MATH = YES;
				SDKROOT = macosx;
				SWIFT_COMPILATION_MODE = wholemodule;
				VERSIONING_SYSTEM = "apple-generic";
				VERSION_INFO_PREFIX = "";
			};
			name = Release;
		};
		F482E6502B9C9B3B00373F93 /* Debug */ = {
			isa = XCBuildConfiguration;
			buildSettings = {
				CLANG_ENABLE_MODULES = YES;
				CODE_SIGN_IDENTITY = "";
				CODE_SIGN_STYLE = Automatic;
				COMBINE_HIDPI_IMAGES = YES;
				CURRENT_PROJECT_VERSION = 1;
				DEAD_CODE_STRIPPING = YES;
				DEFINES_MODULE = YES;
				DEVELOPMENT_TEAM = SC3D86JVL3;
				DYLIB_COMPATIBILITY_VERSION = 1;
				DYLIB_CURRENT_VERSION = 1;
				DYLIB_INSTALL_NAME_BASE = "@rpath";
				ENABLE_MODULE_VERIFIER = YES;
				GENERATE_INFOPLIST_FILE = YES;
				INFOPLIST_KEY_NSHumanReadableCopyright = "";
				INSTALL_PATH = "$(LOCAL_LIBRARY_DIR)/Frameworks";
				LD_RUNPATH_SEARCH_PATHS = (
					"$(inherited)",
					"@executable_path/../Frameworks",
					"@loader_path/Frameworks",
				);
				MARKETING_VERSION = 1.0;
				MODULE_VERIFIER_SUPPORTED_LANGUAGES = "objective-c objective-c++";
				MODULE_VERIFIER_SUPPORTED_LANGUAGE_STANDARDS = "gnu17 gnu++20";
				PRODUCT_BUNDLE_IDENTIFIER = com.afsal.EssentialFeed.EssentialFeed;
				PRODUCT_NAME = "$(TARGET_NAME:c99extidentifier)";
				SKIP_INSTALL = YES;
				SUPPORTED_PLATFORMS = "macosx iphoneos iphonesimulator";
				SWIFT_EMIT_LOC_STRINGS = YES;
				SWIFT_OPTIMIZATION_LEVEL = "-Onone";
				SWIFT_VERSION = 5.0;
			};
			name = Debug;
		};
		F482E6512B9C9B3B00373F93 /* Release */ = {
			isa = XCBuildConfiguration;
			buildSettings = {
				CLANG_ENABLE_MODULES = YES;
				CODE_SIGN_IDENTITY = "";
				CODE_SIGN_STYLE = Automatic;
				COMBINE_HIDPI_IMAGES = YES;
				CURRENT_PROJECT_VERSION = 1;
				DEAD_CODE_STRIPPING = YES;
				DEFINES_MODULE = YES;
				DEVELOPMENT_TEAM = SC3D86JVL3;
				DYLIB_COMPATIBILITY_VERSION = 1;
				DYLIB_CURRENT_VERSION = 1;
				DYLIB_INSTALL_NAME_BASE = "@rpath";
				ENABLE_MODULE_VERIFIER = YES;
				GENERATE_INFOPLIST_FILE = YES;
				INFOPLIST_KEY_NSHumanReadableCopyright = "";
				INSTALL_PATH = "$(LOCAL_LIBRARY_DIR)/Frameworks";
				LD_RUNPATH_SEARCH_PATHS = (
					"$(inherited)",
					"@executable_path/../Frameworks",
					"@loader_path/Frameworks",
				);
				MARKETING_VERSION = 1.0;
				MODULE_VERIFIER_SUPPORTED_LANGUAGES = "objective-c objective-c++";
				MODULE_VERIFIER_SUPPORTED_LANGUAGE_STANDARDS = "gnu17 gnu++20";
				PRODUCT_BUNDLE_IDENTIFIER = com.afsal.EssentialFeed.EssentialFeed;
				PRODUCT_NAME = "$(TARGET_NAME:c99extidentifier)";
				SKIP_INSTALL = YES;
				SUPPORTED_PLATFORMS = "macosx iphoneos iphonesimulator";
				SWIFT_EMIT_LOC_STRINGS = YES;
				SWIFT_VERSION = 5.0;
			};
			name = Release;
		};
		F482E6532B9C9B3B00373F93 /* Debug */ = {
			isa = XCBuildConfiguration;
			buildSettings = {
				ALWAYS_EMBED_SWIFT_STANDARD_LIBRARIES = YES;
				CODE_SIGN_STYLE = Automatic;
				CURRENT_PROJECT_VERSION = 1;
				DEAD_CODE_STRIPPING = YES;
				DEVELOPMENT_TEAM = SC3D86JVL3;
				GENERATE_INFOPLIST_FILE = YES;
				MARKETING_VERSION = 1.0;
				PRODUCT_BUNDLE_IDENTIFIER = com.afsal.EssentialFeed.EssentialFeedTests;
				PRODUCT_NAME = "$(TARGET_NAME)";
				SUPPORTED_PLATFORMS = "macosx iphoneos iphonesimulator";
				SWIFT_EMIT_LOC_STRINGS = NO;
				SWIFT_VERSION = 5.0;
			};
			name = Debug;
		};
		F482E6542B9C9B3B00373F93 /* Release */ = {
			isa = XCBuildConfiguration;
			buildSettings = {
				ALWAYS_EMBED_SWIFT_STANDARD_LIBRARIES = YES;
				CODE_SIGN_STYLE = Automatic;
				CURRENT_PROJECT_VERSION = 1;
				DEAD_CODE_STRIPPING = YES;
				DEVELOPMENT_TEAM = SC3D86JVL3;
				GENERATE_INFOPLIST_FILE = YES;
				MARKETING_VERSION = 1.0;
				PRODUCT_BUNDLE_IDENTIFIER = com.afsal.EssentialFeed.EssentialFeedTests;
				PRODUCT_NAME = "$(TARGET_NAME)";
				SUPPORTED_PLATFORMS = "macosx iphoneos iphonesimulator";
				SWIFT_EMIT_LOC_STRINGS = NO;
				SWIFT_VERSION = 5.0;
			};
			name = Release;
		};
		F4C630A22BBB5A5A00C1FD7A /* Debug */ = {
			isa = XCBuildConfiguration;
			buildSettings = {
				BUILD_LIBRARY_FOR_DISTRIBUTION = NO;
				CLANG_ENABLE_MODULES = YES;
				CODE_SIGN_STYLE = Automatic;
				CURRENT_PROJECT_VERSION = 1;
				DEFINES_MODULE = NO;
				DEVELOPMENT_TEAM = SC3D86JVL3;
				DYLIB_COMPATIBILITY_VERSION = 1;
				DYLIB_CURRENT_VERSION = 1;
				DYLIB_INSTALL_NAME_BASE = "@rpath";
				ENABLE_MODULE_VERIFIER = YES;
				GENERATE_INFOPLIST_FILE = YES;
				INFOPLIST_KEY_NSHumanReadableCopyright = "";
				INSTALL_PATH = "$(LOCAL_LIBRARY_DIR)/Frameworks";
				IPHONEOS_DEPLOYMENT_TARGET = 17.4;
				LD_RUNPATH_SEARCH_PATHS = (
					"$(inherited)",
					"@executable_path/Frameworks",
					"@loader_path/Frameworks",
				);
				MARKETING_VERSION = 1.0;
				MODULE_VERIFIER_SUPPORTED_LANGUAGES = "objective-c objective-c++";
				MODULE_VERIFIER_SUPPORTED_LANGUAGE_STANDARDS = "gnu17 gnu++20";
				PRODUCT_BUNDLE_IDENTIFIER = com.afsal.EssentialFeed.EssentialFeediOS;
				PRODUCT_NAME = "$(TARGET_NAME:c99extidentifier)";
				SDKROOT = iphoneos;
				SKIP_INSTALL = YES;
				SUPPORTED_PLATFORMS = "iphoneos iphonesimulator";
				SUPPORTS_MACCATALYST = NO;
				SUPPORTS_MAC_DESIGNED_FOR_IPHONE_IPAD = NO;
				SUPPORTS_XR_DESIGNED_FOR_IPHONE_IPAD = NO;
				SWIFT_EMIT_LOC_STRINGS = YES;
				SWIFT_INSTALL_OBJC_HEADER = NO;
				SWIFT_OPTIMIZATION_LEVEL = "-Onone";
				SWIFT_VERSION = 5.0;
				TARGETED_DEVICE_FAMILY = 1;
			};
			name = Debug;
		};
		F4C630A32BBB5A5A00C1FD7A /* Release */ = {
			isa = XCBuildConfiguration;
			buildSettings = {
				BUILD_LIBRARY_FOR_DISTRIBUTION = NO;
				CLANG_ENABLE_MODULES = YES;
				CODE_SIGN_STYLE = Automatic;
				CURRENT_PROJECT_VERSION = 1;
				DEFINES_MODULE = NO;
				DEVELOPMENT_TEAM = SC3D86JVL3;
				DYLIB_COMPATIBILITY_VERSION = 1;
				DYLIB_CURRENT_VERSION = 1;
				DYLIB_INSTALL_NAME_BASE = "@rpath";
				ENABLE_MODULE_VERIFIER = YES;
				GENERATE_INFOPLIST_FILE = YES;
				INFOPLIST_KEY_NSHumanReadableCopyright = "";
				INSTALL_PATH = "$(LOCAL_LIBRARY_DIR)/Frameworks";
				IPHONEOS_DEPLOYMENT_TARGET = 17.4;
				LD_RUNPATH_SEARCH_PATHS = (
					"$(inherited)",
					"@executable_path/Frameworks",
					"@loader_path/Frameworks",
				);
				MARKETING_VERSION = 1.0;
				MODULE_VERIFIER_SUPPORTED_LANGUAGES = "objective-c objective-c++";
				MODULE_VERIFIER_SUPPORTED_LANGUAGE_STANDARDS = "gnu17 gnu++20";
				PRODUCT_BUNDLE_IDENTIFIER = com.afsal.EssentialFeed.EssentialFeediOS;
				PRODUCT_NAME = "$(TARGET_NAME:c99extidentifier)";
				SDKROOT = iphoneos;
				SKIP_INSTALL = YES;
				SUPPORTED_PLATFORMS = "iphoneos iphonesimulator";
				SUPPORTS_MACCATALYST = NO;
				SUPPORTS_MAC_DESIGNED_FOR_IPHONE_IPAD = NO;
				SUPPORTS_XR_DESIGNED_FOR_IPHONE_IPAD = NO;
				SWIFT_EMIT_LOC_STRINGS = YES;
				SWIFT_INSTALL_OBJC_HEADER = NO;
				SWIFT_VERSION = 5.0;
				TARGETED_DEVICE_FAMILY = 1;
				VALIDATE_PRODUCT = YES;
			};
			name = Release;
		};
		F4C630A52BBB5A5A00C1FD7A /* Debug */ = {
			isa = XCBuildConfiguration;
			buildSettings = {
				ALWAYS_EMBED_SWIFT_STANDARD_LIBRARIES = YES;
				CLANG_ENABLE_MODULES = YES;
				CODE_SIGN_STYLE = Automatic;
				CURRENT_PROJECT_VERSION = 1;
				DEVELOPMENT_TEAM = SC3D86JVL3;
				GENERATE_INFOPLIST_FILE = YES;
				IPHONEOS_DEPLOYMENT_TARGET = 17.4;
				MARKETING_VERSION = 1.0;
				PRODUCT_BUNDLE_IDENTIFIER = com.afsal.EssentialFeed.EssentialFeediOSTests;
				PRODUCT_NAME = "$(TARGET_NAME)";
				SDKROOT = iphoneos;
				SUPPORTED_PLATFORMS = "iphoneos iphonesimulator";
				SUPPORTS_MACCATALYST = NO;
				SUPPORTS_MAC_DESIGNED_FOR_IPHONE_IPAD = NO;
				SUPPORTS_XR_DESIGNED_FOR_IPHONE_IPAD = NO;
				SWIFT_EMIT_LOC_STRINGS = NO;
				SWIFT_OPTIMIZATION_LEVEL = "-Onone";
				SWIFT_VERSION = 5.0;
				TARGETED_DEVICE_FAMILY = 1;
			};
			name = Debug;
		};
		F4C630A62BBB5A5A00C1FD7A /* Release */ = {
			isa = XCBuildConfiguration;
			buildSettings = {
				ALWAYS_EMBED_SWIFT_STANDARD_LIBRARIES = YES;
				CLANG_ENABLE_MODULES = YES;
				CODE_SIGN_STYLE = Automatic;
				CURRENT_PROJECT_VERSION = 1;
				DEVELOPMENT_TEAM = SC3D86JVL3;
				GENERATE_INFOPLIST_FILE = YES;
				IPHONEOS_DEPLOYMENT_TARGET = 17.4;
				MARKETING_VERSION = 1.0;
				PRODUCT_BUNDLE_IDENTIFIER = com.afsal.EssentialFeed.EssentialFeediOSTests;
				PRODUCT_NAME = "$(TARGET_NAME)";
				SDKROOT = iphoneos;
				SUPPORTED_PLATFORMS = "iphoneos iphonesimulator";
				SUPPORTS_MACCATALYST = NO;
				SUPPORTS_MAC_DESIGNED_FOR_IPHONE_IPAD = NO;
				SUPPORTS_XR_DESIGNED_FOR_IPHONE_IPAD = NO;
				SWIFT_EMIT_LOC_STRINGS = NO;
				SWIFT_VERSION = 5.0;
				TARGETED_DEVICE_FAMILY = 1;
				VALIDATE_PRODUCT = YES;
			};
			name = Release;
		};
/* End XCBuildConfiguration section */

/* Begin XCConfigurationList section */
		F44958C82BB5884B00727450 /* Build configuration list for PBXNativeTarget "EssentialFeedCacheIntegrationTests" */ = {
			isa = XCConfigurationList;
			buildConfigurations = (
				F44958C62BB5884B00727450 /* Debug */,
				F44958C72BB5884B00727450 /* Release */,
			);
			defaultConfigurationIsVisible = 0;
			defaultConfigurationName = Release;
		};
		F475D7F62BA4E9E400208EDC /* Build configuration list for PBXNativeTarget "EssentialFeedAPIEndToEndTests" */ = {
			isa = XCConfigurationList;
			buildConfigurations = (
				F475D7F72BA4E9E400208EDC /* Debug */,
				F475D7F82BA4E9E400208EDC /* Release */,
			);
			defaultConfigurationIsVisible = 0;
			defaultConfigurationName = Release;
		};
		F482E6372B9C9B3B00373F93 /* Build configuration list for PBXProject "EssentialFeed" */ = {
			isa = XCConfigurationList;
			buildConfigurations = (
				F482E64D2B9C9B3B00373F93 /* Debug */,
				F482E64E2B9C9B3B00373F93 /* Release */,
			);
			defaultConfigurationIsVisible = 0;
			defaultConfigurationName = Release;
		};
		F482E64F2B9C9B3B00373F93 /* Build configuration list for PBXNativeTarget "EssentialFeed" */ = {
			isa = XCConfigurationList;
			buildConfigurations = (
				F482E6502B9C9B3B00373F93 /* Debug */,
				F482E6512B9C9B3B00373F93 /* Release */,
			);
			defaultConfigurationIsVisible = 0;
			defaultConfigurationName = Release;
		};
		F482E6522B9C9B3B00373F93 /* Build configuration list for PBXNativeTarget "EssentialFeedTests" */ = {
			isa = XCConfigurationList;
			buildConfigurations = (
				F482E6532B9C9B3B00373F93 /* Debug */,
				F482E6542B9C9B3B00373F93 /* Release */,
			);
			defaultConfigurationIsVisible = 0;
			defaultConfigurationName = Release;
		};
		F4C630A12BBB5A5A00C1FD7A /* Build configuration list for PBXNativeTarget "EssentialFeediOS" */ = {
			isa = XCConfigurationList;
			buildConfigurations = (
				F4C630A22BBB5A5A00C1FD7A /* Debug */,
				F4C630A32BBB5A5A00C1FD7A /* Release */,
			);
			defaultConfigurationIsVisible = 0;
			defaultConfigurationName = Release;
		};
		F4C630A42BBB5A5A00C1FD7A /* Build configuration list for PBXNativeTarget "EssentialFeediOSTests" */ = {
			isa = XCConfigurationList;
			buildConfigurations = (
				F4C630A52BBB5A5A00C1FD7A /* Debug */,
				F4C630A62BBB5A5A00C1FD7A /* Release */,
			);
			defaultConfigurationIsVisible = 0;
			defaultConfigurationName = Release;
		};
/* End XCConfigurationList section */

/* Begin XCVersionGroup section */
		F429315D2BB4A0A200886E1A /* FeedStore.xcdatamodeld */ = {
			isa = XCVersionGroup;
			children = (
				F429315E2BB4A0A200886E1A /* FeedStore.xcdatamodel */,
			);
			currentVersion = F429315E2BB4A0A200886E1A /* FeedStore.xcdatamodel */;
			path = FeedStore.xcdatamodeld;
			sourceTree = "<group>";
			versionGroupType = wrapper.xcdatamodel;
		};
/* End XCVersionGroup section */
	};
	rootObject = F482E6342B9C9B3B00373F93 /* Project object */;
}
