// !$*UTF8*$!
{
	archiveVersion = 1;
	classes = {
	};
	objectVersion = 56;
	objects = {

/* Begin PBXBuildFile section */
		F4403BA22BDD08730020CF1B /* FeedLoaderWithFallbackComposite.swift in Sources */ = {isa = PBXBuildFile; fileRef = F4403BA12BDD08730020CF1B /* FeedLoaderWithFallbackComposite.swift */; };
		F4403BA42BDD09070020CF1B /* FeedImageDataLoaderWithFallbackCompositeTests.swift in Sources */ = {isa = PBXBuildFile; fileRef = F4403BA32BDD09070020CF1B /* FeedImageDataLoaderWithFallbackCompositeTests.swift */; };
		F4403BA82BDD38B20020CF1B /* FeedImageDataLoaderWithFallbackComposite.swift in Sources */ = {isa = PBXBuildFile; fileRef = F4403BA72BDD38B20020CF1B /* FeedImageDataLoaderWithFallbackComposite.swift */; };
		F4403BAB2BDD39770020CF1B /* XCTestCase+MemoryLeakTracking.swift in Sources */ = {isa = PBXBuildFile; fileRef = F4403BAA2BDD39770020CF1B /* XCTestCase+MemoryLeakTracking.swift */; };
		F4403BAD2BDD39E70020CF1B /* SharedTestHelpers.swift in Sources */ = {isa = PBXBuildFile; fileRef = F4403BAC2BDD39E70020CF1B /* SharedTestHelpers.swift */; };
		F470427A2BDC0CD200C4A7EF /* AppDelegate.swift in Sources */ = {isa = PBXBuildFile; fileRef = F47042792BDC0CD200C4A7EF /* AppDelegate.swift */; };
		F470427C2BDC0CD200C4A7EF /* SceneDelegate.swift in Sources */ = {isa = PBXBuildFile; fileRef = F470427B2BDC0CD200C4A7EF /* SceneDelegate.swift */; };
		F47042812BDC0CD200C4A7EF /* Base in Resources */ = {isa = PBXBuildFile; fileRef = F47042802BDC0CD200C4A7EF /* Base */; };
		F47042832BDC0CD400C4A7EF /* Assets.xcassets in Resources */ = {isa = PBXBuildFile; fileRef = F47042822BDC0CD400C4A7EF /* Assets.xcassets */; };
		F47042862BDC0CD400C4A7EF /* Base in Resources */ = {isa = PBXBuildFile; fileRef = F47042852BDC0CD400C4A7EF /* Base */; };
		F47042902BDC0DA700C4A7EF /* EssentialFeed.framework in Frameworks */ = {isa = PBXBuildFile; fileRef = F470428E2BDC0DA700C4A7EF /* EssentialFeed.framework */; };
		F47042912BDC0DA700C4A7EF /* EssentialFeed.framework in Embed Frameworks */ = {isa = PBXBuildFile; fileRef = F470428E2BDC0DA700C4A7EF /* EssentialFeed.framework */; settings = {ATTRIBUTES = (CodeSignOnCopy, RemoveHeadersOnCopy, ); }; };
		F47042922BDC0DA700C4A7EF /* EssentialFeediOS.framework in Frameworks */ = {isa = PBXBuildFile; fileRef = F470428F2BDC0DA700C4A7EF /* EssentialFeediOS.framework */; };
		F47042932BDC0DA700C4A7EF /* EssentialFeediOS.framework in Embed Frameworks */ = {isa = PBXBuildFile; fileRef = F470428F2BDC0DA700C4A7EF /* EssentialFeediOS.framework */; settings = {ATTRIBUTES = (CodeSignOnCopy, RemoveHeadersOnCopy, ); }; };
		F470429C2BDCF96F00C4A7EF /* FeedLoaderWithFallbackCompositeTests.swift in Sources */ = {isa = PBXBuildFile; fileRef = F470429B2BDCF96F00C4A7EF /* FeedLoaderWithFallbackCompositeTests.swift */; };
		F4E346D92BE1003700120AB5 /* DebuggingSceneDelegate.swift in Sources */ = {isa = PBXBuildFile; fileRef = F4E346D82BE1003700120AB5 /* DebuggingSceneDelegate.swift */; };
		F4E346DD2BE132B100120AB5 /* SceneDelegateTests.swift in Sources */ = {isa = PBXBuildFile; fileRef = F4E346DC2BE132B100120AB5 /* SceneDelegateTests.swift */; };
		F4E347302BE13BEF00120AB5 /* WeakRefVirtualProxy.swift in Sources */ = {isa = PBXBuildFile; fileRef = F4E3472D2BE13BEF00120AB5 /* WeakRefVirtualProxy.swift */; };
		F4E347312BE13BEF00120AB5 /* FeedViewAdapter.swift in Sources */ = {isa = PBXBuildFile; fileRef = F4E3472F2BE13BEF00120AB5 /* FeedViewAdapter.swift */; };
		F4E347322BE13BEF00120AB5 /* FeedImageDataLoaderPresentationAdapter.swift in Sources */ = {isa = PBXBuildFile; fileRef = F4E3472B2BE13BEE00120AB5 /* FeedImageDataLoaderPresentationAdapter.swift */; };
		F4E347332BE13BEF00120AB5 /* FeedUIComposer.swift in Sources */ = {isa = PBXBuildFile; fileRef = F4E3472E2BE13BEF00120AB5 /* FeedUIComposer.swift */; };
		F4E347342BE13BEF00120AB5 /* MainQueueDispatchDecorator.swift in Sources */ = {isa = PBXBuildFile; fileRef = F4E3472A2BE13BEE00120AB5 /* MainQueueDispatchDecorator.swift */; };
		F4E347352BE13BEF00120AB5 /* FeedLoaderPresentationAdapter.swift in Sources */ = {isa = PBXBuildFile; fileRef = F4E3472C2BE13BEF00120AB5 /* FeedLoaderPresentationAdapter.swift */; };
		F4E3473F2BE13C0900120AB5 /* FeedViewControllerTests+LoaderSpy.swift in Sources */ = {isa = PBXBuildFile; fileRef = F4E347372BE13C0700120AB5 /* FeedViewControllerTests+LoaderSpy.swift */; };
		F4E347402BE13C0900120AB5 /* UIImage+TestHelpers.swift in Sources */ = {isa = PBXBuildFile; fileRef = F4E347382BE13C0700120AB5 /* UIImage+TestHelpers.swift */; };
		F4E347412BE13C0900120AB5 /* FeedViewControllerTests+Localization.swift in Sources */ = {isa = PBXBuildFile; fileRef = F4E3473E2BE13C0900120AB5 /* FeedViewControllerTests+Localization.swift */; };
		F4E347422BE13C0900120AB5 /* FeedImageCell+TestHelpers.swift in Sources */ = {isa = PBXBuildFile; fileRef = F4E3473B2BE13C0800120AB5 /* FeedImageCell+TestHelpers.swift */; };
		F4E347432BE13C0900120AB5 /* FeedViewController+TestHelpers.swift in Sources */ = {isa = PBXBuildFile; fileRef = F4E3473A2BE13C0800120AB5 /* FeedViewController+TestHelpers.swift */; };
		F4E347442BE13C0900120AB5 /* UIControl+TestHelpers.swift in Sources */ = {isa = PBXBuildFile; fileRef = F4E3473D2BE13C0900120AB5 /* UIControl+TestHelpers.swift */; };
		F4E347452BE13C0900120AB5 /* UIButton+TestHelpers.swift in Sources */ = {isa = PBXBuildFile; fileRef = F4E347362BE13C0700120AB5 /* UIButton+TestHelpers.swift */; };
		F4E347462BE13C0900120AB5 /* FeedViewControllerTests+Assertions.swift in Sources */ = {isa = PBXBuildFile; fileRef = F4E347392BE13C0800120AB5 /* FeedViewControllerTests+Assertions.swift */; };
		F4E347472BE13C0900120AB5 /* UIRefreshControl+TestHelpers.swift in Sources */ = {isa = PBXBuildFile; fileRef = F4E3473C2BE13C0800120AB5 /* UIRefreshControl+TestHelpers.swift */; };
		F4E347492BE13C1500120AB5 /* FeedUIIntegrationTests.swift in Sources */ = {isa = PBXBuildFile; fileRef = F4E347482BE13C1500120AB5 /* FeedUIIntegrationTests.swift */; };
		F4E3474B2BE1484B00120AB5 /* FeedAcceptanceTests.swift in Sources */ = {isa = PBXBuildFile; fileRef = F4E3474A2BE1484B00120AB5 /* FeedAcceptanceTests.swift */; };
		F4F21D222BDE3AD300D35625 /* FeedLoaderCacheDecoratorTests.swift in Sources */ = {isa = PBXBuildFile; fileRef = F4F21D212BDE3AD300D35625 /* FeedLoaderCacheDecoratorTests.swift */; };
		F4F21D242BDE433000D35625 /* FeedLoaderStub.swift in Sources */ = {isa = PBXBuildFile; fileRef = F4F21D232BDE433000D35625 /* FeedLoaderStub.swift */; };
		F4F21D262BDE447D00D35625 /* XCTestCase+FeedLoader.swift in Sources */ = {isa = PBXBuildFile; fileRef = F4F21D252BDE447D00D35625 /* XCTestCase+FeedLoader.swift */; };
		F4F21D2A2BDE531D00D35625 /* FeedLoaderCacheDecorator.swift in Sources */ = {isa = PBXBuildFile; fileRef = F4F21D292BDE531D00D35625 /* FeedLoaderCacheDecorator.swift */; };
		F4F21D2C2BDE544E00D35625 /* FeedImageDataLoaderCacheDecoratorTests.swift in Sources */ = {isa = PBXBuildFile; fileRef = F4F21D2B2BDE544E00D35625 /* FeedImageDataLoaderCacheDecoratorTests.swift */; };
		F4F21D302BDE6D9200D35625 /* FeedImageDataLoaderCacheDecorator.swift in Sources */ = {isa = PBXBuildFile; fileRef = F4F21D2F2BDE6D9200D35625 /* FeedImageDataLoaderCacheDecorator.swift */; };
		F4F21D322BDE6F6700D35625 /* FeedImageDataLoaderSpy.swift in Sources */ = {isa = PBXBuildFile; fileRef = F4F21D312BDE6F6700D35625 /* FeedImageDataLoaderSpy.swift */; };
		F4F21D342BDE6FBE00D35625 /* XCTestCase+FeedImageDataLoader.swift in Sources */ = {isa = PBXBuildFile; fileRef = F4F21D332BDE6FBE00D35625 /* XCTestCase+FeedImageDataLoader.swift */; };
		F4F21D3C2BE0EE8100D35625 /* EssentialAppUIAcceptanceTests.swift in Sources */ = {isa = PBXBuildFile; fileRef = F4F21D3B2BE0EE8100D35625 /* EssentialAppUIAcceptanceTests.swift */; };
/* End PBXBuildFile section */

/* Begin PBXContainerItemProxy section */
		F470429D2BDCF96F00C4A7EF /* PBXContainerItemProxy */ = {
			isa = PBXContainerItemProxy;
			containerPortal = F470426E2BDC0CD200C4A7EF /* Project object */;
			proxyType = 1;
			remoteGlobalIDString = F47042752BDC0CD200C4A7EF;
			remoteInfo = EssentialApp;
		};
		F4F21D3F2BE0EE8100D35625 /* PBXContainerItemProxy */ = {
			isa = PBXContainerItemProxy;
			containerPortal = F470426E2BDC0CD200C4A7EF /* Project object */;
			proxyType = 1;
			remoteGlobalIDString = F47042752BDC0CD200C4A7EF;
			remoteInfo = EssentialApp;
		};
/* End PBXContainerItemProxy section */

/* Begin PBXCopyFilesBuildPhase section */
		F47042942BDC0DA700C4A7EF /* Embed Frameworks */ = {
			isa = PBXCopyFilesBuildPhase;
			buildActionMask = 2147483647;
			dstPath = "";
			dstSubfolderSpec = 10;
			files = (
				F47042912BDC0DA700C4A7EF /* EssentialFeed.framework in Embed Frameworks */,
				F47042932BDC0DA700C4A7EF /* EssentialFeediOS.framework in Embed Frameworks */,
			);
			name = "Embed Frameworks";
			runOnlyForDeploymentPostprocessing = 0;
		};
/* End PBXCopyFilesBuildPhase section */

/* Begin PBXFileReference section */
		F4403BA12BDD08730020CF1B /* FeedLoaderWithFallbackComposite.swift */ = {isa = PBXFileReference; lastKnownFileType = sourcecode.swift; path = FeedLoaderWithFallbackComposite.swift; sourceTree = "<group>"; };
		F4403BA32BDD09070020CF1B /* FeedImageDataLoaderWithFallbackCompositeTests.swift */ = {isa = PBXFileReference; lastKnownFileType = sourcecode.swift; path = FeedImageDataLoaderWithFallbackCompositeTests.swift; sourceTree = "<group>"; };
		F4403BA72BDD38B20020CF1B /* FeedImageDataLoaderWithFallbackComposite.swift */ = {isa = PBXFileReference; lastKnownFileType = sourcecode.swift; path = FeedImageDataLoaderWithFallbackComposite.swift; sourceTree = "<group>"; };
		F4403BAA2BDD39770020CF1B /* XCTestCase+MemoryLeakTracking.swift */ = {isa = PBXFileReference; lastKnownFileType = sourcecode.swift; path = "XCTestCase+MemoryLeakTracking.swift"; sourceTree = "<group>"; };
		F4403BAC2BDD39E70020CF1B /* SharedTestHelpers.swift */ = {isa = PBXFileReference; lastKnownFileType = sourcecode.swift; path = SharedTestHelpers.swift; sourceTree = "<group>"; };
		F47042762BDC0CD200C4A7EF /* EssentialApp.app */ = {isa = PBXFileReference; explicitFileType = wrapper.application; includeInIndex = 0; path = EssentialApp.app; sourceTree = BUILT_PRODUCTS_DIR; };
		F47042792BDC0CD200C4A7EF /* AppDelegate.swift */ = {isa = PBXFileReference; lastKnownFileType = sourcecode.swift; path = AppDelegate.swift; sourceTree = "<group>"; };
		F470427B2BDC0CD200C4A7EF /* SceneDelegate.swift */ = {isa = PBXFileReference; lastKnownFileType = sourcecode.swift; path = SceneDelegate.swift; sourceTree = "<group>"; };
		F47042802BDC0CD200C4A7EF /* Base */ = {isa = PBXFileReference; lastKnownFileType = file.storyboard; name = Base; path = Base.lproj/Main.storyboard; sourceTree = "<group>"; };
		F47042822BDC0CD400C4A7EF /* Assets.xcassets */ = {isa = PBXFileReference; lastKnownFileType = folder.assetcatalog; path = Assets.xcassets; sourceTree = "<group>"; };
		F47042852BDC0CD400C4A7EF /* Base */ = {isa = PBXFileReference; lastKnownFileType = file.storyboard; name = Base; path = Base.lproj/LaunchScreen.storyboard; sourceTree = "<group>"; };
		F47042872BDC0CD400C4A7EF /* Info.plist */ = {isa = PBXFileReference; lastKnownFileType = text.plist.xml; path = Info.plist; sourceTree = "<group>"; };
		F470428E2BDC0DA700C4A7EF /* EssentialFeed.framework */ = {isa = PBXFileReference; explicitFileType = wrapper.framework; path = EssentialFeed.framework; sourceTree = BUILT_PRODUCTS_DIR; };
		F470428F2BDC0DA700C4A7EF /* EssentialFeediOS.framework */ = {isa = PBXFileReference; explicitFileType = wrapper.framework; path = EssentialFeediOS.framework; sourceTree = BUILT_PRODUCTS_DIR; };
		F47042992BDCF96E00C4A7EF /* EssentialAppTests.xctest */ = {isa = PBXFileReference; explicitFileType = wrapper.cfbundle; includeInIndex = 0; path = EssentialAppTests.xctest; sourceTree = BUILT_PRODUCTS_DIR; };
		F470429B2BDCF96F00C4A7EF /* FeedLoaderWithFallbackCompositeTests.swift */ = {isa = PBXFileReference; lastKnownFileType = sourcecode.swift; path = FeedLoaderWithFallbackCompositeTests.swift; sourceTree = "<group>"; };
		F47042A22BDCFA3500C4A7EF /* EssentialAppTests.xctestplan */ = {isa = PBXFileReference; lastKnownFileType = text; path = EssentialAppTests.xctestplan; sourceTree = "<group>"; };
		F4E346D82BE1003700120AB5 /* DebuggingSceneDelegate.swift */ = {isa = PBXFileReference; lastKnownFileType = sourcecode.swift; path = DebuggingSceneDelegate.swift; sourceTree = "<group>"; };
		F4E346DC2BE132B100120AB5 /* SceneDelegateTests.swift */ = {isa = PBXFileReference; lastKnownFileType = sourcecode.swift; path = SceneDelegateTests.swift; sourceTree = "<group>"; };
		F4E3472A2BE13BEE00120AB5 /* MainQueueDispatchDecorator.swift */ = {isa = PBXFileReference; lastKnownFileType = sourcecode.swift; path = MainQueueDispatchDecorator.swift; sourceTree = "<group>"; };
		F4E3472B2BE13BEE00120AB5 /* FeedImageDataLoaderPresentationAdapter.swift */ = {isa = PBXFileReference; lastKnownFileType = sourcecode.swift; path = FeedImageDataLoaderPresentationAdapter.swift; sourceTree = "<group>"; };
		F4E3472C2BE13BEF00120AB5 /* FeedLoaderPresentationAdapter.swift */ = {isa = PBXFileReference; lastKnownFileType = sourcecode.swift; path = FeedLoaderPresentationAdapter.swift; sourceTree = "<group>"; };
		F4E3472D2BE13BEF00120AB5 /* WeakRefVirtualProxy.swift */ = {isa = PBXFileReference; lastKnownFileType = sourcecode.swift; path = WeakRefVirtualProxy.swift; sourceTree = "<group>"; };
		F4E3472E2BE13BEF00120AB5 /* FeedUIComposer.swift */ = {isa = PBXFileReference; lastKnownFileType = sourcecode.swift; path = FeedUIComposer.swift; sourceTree = "<group>"; };
		F4E3472F2BE13BEF00120AB5 /* FeedViewAdapter.swift */ = {isa = PBXFileReference; lastKnownFileType = sourcecode.swift; path = FeedViewAdapter.swift; sourceTree = "<group>"; };
		F4E347362BE13C0700120AB5 /* UIButton+TestHelpers.swift */ = {isa = PBXFileReference; lastKnownFileType = sourcecode.swift; path = "UIButton+TestHelpers.swift"; sourceTree = "<group>"; };
		F4E347372BE13C0700120AB5 /* FeedViewControllerTests+LoaderSpy.swift */ = {isa = PBXFileReference; lastKnownFileType = sourcecode.swift; path = "FeedViewControllerTests+LoaderSpy.swift"; sourceTree = "<group>"; };
		F4E347382BE13C0700120AB5 /* UIImage+TestHelpers.swift */ = {isa = PBXFileReference; lastKnownFileType = sourcecode.swift; path = "UIImage+TestHelpers.swift"; sourceTree = "<group>"; };
		F4E347392BE13C0800120AB5 /* FeedViewControllerTests+Assertions.swift */ = {isa = PBXFileReference; lastKnownFileType = sourcecode.swift; path = "FeedViewControllerTests+Assertions.swift"; sourceTree = "<group>"; };
		F4E3473A2BE13C0800120AB5 /* FeedViewController+TestHelpers.swift */ = {isa = PBXFileReference; lastKnownFileType = sourcecode.swift; path = "FeedViewController+TestHelpers.swift"; sourceTree = "<group>"; };
		F4E3473B2BE13C0800120AB5 /* FeedImageCell+TestHelpers.swift */ = {isa = PBXFileReference; lastKnownFileType = sourcecode.swift; path = "FeedImageCell+TestHelpers.swift"; sourceTree = "<group>"; };
		F4E3473C2BE13C0800120AB5 /* UIRefreshControl+TestHelpers.swift */ = {isa = PBXFileReference; lastKnownFileType = sourcecode.swift; path = "UIRefreshControl+TestHelpers.swift"; sourceTree = "<group>"; };
		F4E3473D2BE13C0900120AB5 /* UIControl+TestHelpers.swift */ = {isa = PBXFileReference; lastKnownFileType = sourcecode.swift; path = "UIControl+TestHelpers.swift"; sourceTree = "<group>"; };
		F4E3473E2BE13C0900120AB5 /* FeedViewControllerTests+Localization.swift */ = {isa = PBXFileReference; lastKnownFileType = sourcecode.swift; path = "FeedViewControllerTests+Localization.swift"; sourceTree = "<group>"; };
		F4E347482BE13C1500120AB5 /* FeedUIIntegrationTests.swift */ = {isa = PBXFileReference; lastKnownFileType = sourcecode.swift; path = FeedUIIntegrationTests.swift; sourceTree = "<group>"; };
		F4E3474A2BE1484B00120AB5 /* FeedAcceptanceTests.swift */ = {isa = PBXFileReference; lastKnownFileType = sourcecode.swift; path = FeedAcceptanceTests.swift; sourceTree = "<group>"; };
		F4F21D212BDE3AD300D35625 /* FeedLoaderCacheDecoratorTests.swift */ = {isa = PBXFileReference; lastKnownFileType = sourcecode.swift; path = FeedLoaderCacheDecoratorTests.swift; sourceTree = "<group>"; };
		F4F21D232BDE433000D35625 /* FeedLoaderStub.swift */ = {isa = PBXFileReference; lastKnownFileType = sourcecode.swift; path = FeedLoaderStub.swift; sourceTree = "<group>"; };
		F4F21D252BDE447D00D35625 /* XCTestCase+FeedLoader.swift */ = {isa = PBXFileReference; lastKnownFileType = sourcecode.swift; path = "XCTestCase+FeedLoader.swift"; sourceTree = "<group>"; };
		F4F21D292BDE531D00D35625 /* FeedLoaderCacheDecorator.swift */ = {isa = PBXFileReference; lastKnownFileType = sourcecode.swift; path = FeedLoaderCacheDecorator.swift; sourceTree = "<group>"; };
		F4F21D2B2BDE544E00D35625 /* FeedImageDataLoaderCacheDecoratorTests.swift */ = {isa = PBXFileReference; lastKnownFileType = sourcecode.swift; path = FeedImageDataLoaderCacheDecoratorTests.swift; sourceTree = "<group>"; };
		F4F21D2F2BDE6D9200D35625 /* FeedImageDataLoaderCacheDecorator.swift */ = {isa = PBXFileReference; lastKnownFileType = sourcecode.swift; path = FeedImageDataLoaderCacheDecorator.swift; sourceTree = "<group>"; };
		F4F21D312BDE6F6700D35625 /* FeedImageDataLoaderSpy.swift */ = {isa = PBXFileReference; lastKnownFileType = sourcecode.swift; path = FeedImageDataLoaderSpy.swift; sourceTree = "<group>"; };
		F4F21D332BDE6FBE00D35625 /* XCTestCase+FeedImageDataLoader.swift */ = {isa = PBXFileReference; lastKnownFileType = sourcecode.swift; path = "XCTestCase+FeedImageDataLoader.swift"; sourceTree = "<group>"; };
		F4F21D392BE0EE8100D35625 /* EssentialAppUIAcceptanceTests.xctest */ = {isa = PBXFileReference; explicitFileType = wrapper.cfbundle; includeInIndex = 0; path = EssentialAppUIAcceptanceTests.xctest; sourceTree = BUILT_PRODUCTS_DIR; };
		F4F21D3B2BE0EE8100D35625 /* EssentialAppUIAcceptanceTests.swift */ = {isa = PBXFileReference; lastKnownFileType = sourcecode.swift; path = EssentialAppUIAcceptanceTests.swift; sourceTree = "<group>"; };
/* End PBXFileReference section */

/* Begin PBXFrameworksBuildPhase section */
		F47042732BDC0CD200C4A7EF /* Frameworks */ = {
			isa = PBXFrameworksBuildPhase;
			buildActionMask = 2147483647;
			files = (
				F47042902BDC0DA700C4A7EF /* EssentialFeed.framework in Frameworks */,
				F47042922BDC0DA700C4A7EF /* EssentialFeediOS.framework in Frameworks */,
			);
			runOnlyForDeploymentPostprocessing = 0;
		};
		F47042962BDCF96E00C4A7EF /* Frameworks */ = {
			isa = PBXFrameworksBuildPhase;
			buildActionMask = 2147483647;
			files = (
			);
			runOnlyForDeploymentPostprocessing = 0;
		};
		F4F21D362BE0EE8100D35625 /* Frameworks */ = {
			isa = PBXFrameworksBuildPhase;
			buildActionMask = 2147483647;
			files = (
			);
			runOnlyForDeploymentPostprocessing = 0;
		};
/* End PBXFrameworksBuildPhase section */

/* Begin PBXGroup section */
		F4403BA92BDD396A0020CF1B /* Helpers */ = {
			isa = PBXGroup;
			children = (
				F4E347382BE13C0700120AB5 /* UIImage+TestHelpers.swift */,
				F4E3473C2BE13C0800120AB5 /* UIRefreshControl+TestHelpers.swift */,
				F4E347362BE13C0700120AB5 /* UIButton+TestHelpers.swift */,
				F4E3473D2BE13C0900120AB5 /* UIControl+TestHelpers.swift */,
				F4E3473A2BE13C0800120AB5 /* FeedViewController+TestHelpers.swift */,
				F4E3473B2BE13C0800120AB5 /* FeedImageCell+TestHelpers.swift */,
				F4E347372BE13C0700120AB5 /* FeedViewControllerTests+LoaderSpy.swift */,
				F4E347392BE13C0800120AB5 /* FeedViewControllerTests+Assertions.swift */,
				F4E3473E2BE13C0900120AB5 /* FeedViewControllerTests+Localization.swift */,
				F4403BAA2BDD39770020CF1B /* XCTestCase+MemoryLeakTracking.swift */,
				F4403BAC2BDD39E70020CF1B /* SharedTestHelpers.swift */,
				F4F21D232BDE433000D35625 /* FeedLoaderStub.swift */,
				F4F21D252BDE447D00D35625 /* XCTestCase+FeedLoader.swift */,
				F4F21D312BDE6F6700D35625 /* FeedImageDataLoaderSpy.swift */,
				F4F21D332BDE6FBE00D35625 /* XCTestCase+FeedImageDataLoader.swift */,
			);
			path = Helpers;
			sourceTree = "<group>";
		};
		F470426D2BDC0CD200C4A7EF = {
			isa = PBXGroup;
			children = (
				F47042782BDC0CD200C4A7EF /* EssentialApp */,
				F470429A2BDCF96F00C4A7EF /* EssentialAppTests */,
				F4F21D3A2BE0EE8100D35625 /* EssentialAppUIAcceptanceTests */,
				F47042772BDC0CD200C4A7EF /* Products */,
				F470428D2BDC0DA700C4A7EF /* Frameworks */,
			);
			sourceTree = "<group>";
		};
		F47042772BDC0CD200C4A7EF /* Products */ = {
			isa = PBXGroup;
			children = (
				F47042762BDC0CD200C4A7EF /* EssentialApp.app */,
				F47042992BDCF96E00C4A7EF /* EssentialAppTests.xctest */,
				F4F21D392BE0EE8100D35625 /* EssentialAppUIAcceptanceTests.xctest */,
			);
			name = Products;
			sourceTree = "<group>";
		};
		F47042782BDC0CD200C4A7EF /* EssentialApp */ = {
			isa = PBXGroup;
			children = (
				F47042792BDC0CD200C4A7EF /* AppDelegate.swift */,
				F470427B2BDC0CD200C4A7EF /* SceneDelegate.swift */,
				F4E346D82BE1003700120AB5 /* DebuggingSceneDelegate.swift */,
				F4E3472E2BE13BEF00120AB5 /* FeedUIComposer.swift */,
				F4E3472A2BE13BEE00120AB5 /* MainQueueDispatchDecorator.swift */,
				F4E3472D2BE13BEF00120AB5 /* WeakRefVirtualProxy.swift */,
				F4E3472B2BE13BEE00120AB5 /* FeedImageDataLoaderPresentationAdapter.swift */,
				F4E3472C2BE13BEF00120AB5 /* FeedLoaderPresentationAdapter.swift */,
				F4E3472F2BE13BEF00120AB5 /* FeedViewAdapter.swift */,
				F470427F2BDC0CD200C4A7EF /* Main.storyboard */,
				F47042822BDC0CD400C4A7EF /* Assets.xcassets */,
				F47042842BDC0CD400C4A7EF /* LaunchScreen.storyboard */,
				F47042872BDC0CD400C4A7EF /* Info.plist */,
				F4403BA12BDD08730020CF1B /* FeedLoaderWithFallbackComposite.swift */,
				F4403BA72BDD38B20020CF1B /* FeedImageDataLoaderWithFallbackComposite.swift */,
				F4F21D292BDE531D00D35625 /* FeedLoaderCacheDecorator.swift */,
				F4F21D2F2BDE6D9200D35625 /* FeedImageDataLoaderCacheDecorator.swift */,
			);
			path = EssentialApp;
			sourceTree = "<group>";
		};
		F470428D2BDC0DA700C4A7EF /* Frameworks */ = {
			isa = PBXGroup;
			children = (
				F470428E2BDC0DA700C4A7EF /* EssentialFeed.framework */,
				F470428F2BDC0DA700C4A7EF /* EssentialFeediOS.framework */,
			);
			name = Frameworks;
			sourceTree = "<group>";
		};
		F470429A2BDCF96F00C4A7EF /* EssentialAppTests */ = {
			isa = PBXGroup;
			children = (
				F4403BA92BDD396A0020CF1B /* Helpers */,
				F47042A22BDCFA3500C4A7EF /* EssentialAppTests.xctestplan */,
				F4E346DC2BE132B100120AB5 /* SceneDelegateTests.swift */,
				F4E347482BE13C1500120AB5 /* FeedUIIntegrationTests.swift */,
				F470429B2BDCF96F00C4A7EF /* FeedLoaderWithFallbackCompositeTests.swift */,
				F4403BA32BDD09070020CF1B /* FeedImageDataLoaderWithFallbackCompositeTests.swift */,
				F4F21D212BDE3AD300D35625 /* FeedLoaderCacheDecoratorTests.swift */,
				F4F21D2B2BDE544E00D35625 /* FeedImageDataLoaderCacheDecoratorTests.swift */,
				F4E3474A2BE1484B00120AB5 /* FeedAcceptanceTests.swift */,
			);
			path = EssentialAppTests;
			sourceTree = "<group>";
		};
		F4F21D3A2BE0EE8100D35625 /* EssentialAppUIAcceptanceTests */ = {
			isa = PBXGroup;
			children = (
				F4F21D3B2BE0EE8100D35625 /* EssentialAppUIAcceptanceTests.swift */,
			);
			path = EssentialAppUIAcceptanceTests;
			sourceTree = "<group>";
		};
/* End PBXGroup section */

/* Begin PBXNativeTarget section */
		F47042752BDC0CD200C4A7EF /* EssentialApp */ = {
			isa = PBXNativeTarget;
			buildConfigurationList = F470428A2BDC0CD400C4A7EF /* Build configuration list for PBXNativeTarget "EssentialApp" */;
			buildPhases = (
				F47042722BDC0CD200C4A7EF /* Sources */,
				F47042732BDC0CD200C4A7EF /* Frameworks */,
				F47042742BDC0CD200C4A7EF /* Resources */,
				F47042942BDC0DA700C4A7EF /* Embed Frameworks */,
			);
			buildRules = (
			);
			dependencies = (
			);
			name = EssentialApp;
			productName = EssentialApp;
			productReference = F47042762BDC0CD200C4A7EF /* EssentialApp.app */;
			productType = "com.apple.product-type.application";
		};
		F47042982BDCF96E00C4A7EF /* EssentialAppTests */ = {
			isa = PBXNativeTarget;
			buildConfigurationList = F470429F2BDCF96F00C4A7EF /* Build configuration list for PBXNativeTarget "EssentialAppTests" */;
			buildPhases = (
				F47042952BDCF96E00C4A7EF /* Sources */,
				F47042962BDCF96E00C4A7EF /* Frameworks */,
				F47042972BDCF96E00C4A7EF /* Resources */,
			);
			buildRules = (
			);
			dependencies = (
				F470429E2BDCF96F00C4A7EF /* PBXTargetDependency */,
			);
			name = EssentialAppTests;
			productName = EssentialAppTests;
			productReference = F47042992BDCF96E00C4A7EF /* EssentialAppTests.xctest */;
			productType = "com.apple.product-type.bundle.unit-test";
		};
		F4F21D382BE0EE8100D35625 /* EssentialAppUIAcceptanceTests */ = {
			isa = PBXNativeTarget;
			buildConfigurationList = F4F21D412BE0EE8100D35625 /* Build configuration list for PBXNativeTarget "EssentialAppUIAcceptanceTests" */;
			buildPhases = (
				F4F21D352BE0EE8100D35625 /* Sources */,
				F4F21D362BE0EE8100D35625 /* Frameworks */,
				F4F21D372BE0EE8100D35625 /* Resources */,
			);
			buildRules = (
			);
			dependencies = (
				F4F21D402BE0EE8100D35625 /* PBXTargetDependency */,
			);
			name = EssentialAppUIAcceptanceTests;
			productName = EssentialAppUIAcceptanceTests;
			productReference = F4F21D392BE0EE8100D35625 /* EssentialAppUIAcceptanceTests.xctest */;
			productType = "com.apple.product-type.bundle.ui-testing";
		};
/* End PBXNativeTarget section */

/* Begin PBXProject section */
		F470426E2BDC0CD200C4A7EF /* Project object */ = {
			isa = PBXProject;
			attributes = {
				BuildIndependentTargetsInParallel = 1;
				LastSwiftUpdateCheck = 1530;
				LastUpgradeCheck = 1530;
				TargetAttributes = {
					F47042752BDC0CD200C4A7EF = {
						CreatedOnToolsVersion = 15.3;
					};
					F47042982BDCF96E00C4A7EF = {
						CreatedOnToolsVersion = 15.3;
						TestTargetID = F47042752BDC0CD200C4A7EF;
					};
					F4F21D382BE0EE8100D35625 = {
						CreatedOnToolsVersion = 15.3;
						TestTargetID = F47042752BDC0CD200C4A7EF;
					};
				};
			};
			buildConfigurationList = F47042712BDC0CD200C4A7EF /* Build configuration list for PBXProject "EssentialApp" */;
			compatibilityVersion = "Xcode 14.0";
			developmentRegion = en;
			hasScannedForEncodings = 0;
			knownRegions = (
				en,
				Base,
			);
			mainGroup = F470426D2BDC0CD200C4A7EF;
			productRefGroup = F47042772BDC0CD200C4A7EF /* Products */;
			projectDirPath = "";
			projectRoot = "";
			targets = (
				F47042752BDC0CD200C4A7EF /* EssentialApp */,
				F47042982BDCF96E00C4A7EF /* EssentialAppTests */,
				F4F21D382BE0EE8100D35625 /* EssentialAppUIAcceptanceTests */,
			);
		};
/* End PBXProject section */

/* Begin PBXResourcesBuildPhase section */
		F47042742BDC0CD200C4A7EF /* Resources */ = {
			isa = PBXResourcesBuildPhase;
			buildActionMask = 2147483647;
			files = (
				F47042832BDC0CD400C4A7EF /* Assets.xcassets in Resources */,
				F47042862BDC0CD400C4A7EF /* Base in Resources */,
				F47042812BDC0CD200C4A7EF /* Base in Resources */,
			);
			runOnlyForDeploymentPostprocessing = 0;
		};
		F47042972BDCF96E00C4A7EF /* Resources */ = {
			isa = PBXResourcesBuildPhase;
			buildActionMask = 2147483647;
			files = (
			);
			runOnlyForDeploymentPostprocessing = 0;
		};
		F4F21D372BE0EE8100D35625 /* Resources */ = {
			isa = PBXResourcesBuildPhase;
			buildActionMask = 2147483647;
			files = (
			);
			runOnlyForDeploymentPostprocessing = 0;
		};
/* End PBXResourcesBuildPhase section */

/* Begin PBXSourcesBuildPhase section */
		F47042722BDC0CD200C4A7EF /* Sources */ = {
			isa = PBXSourcesBuildPhase;
			buildActionMask = 2147483647;
			files = (
				F470427A2BDC0CD200C4A7EF /* AppDelegate.swift in Sources */,
				F4403BA22BDD08730020CF1B /* FeedLoaderWithFallbackComposite.swift in Sources */,
				F4E347322BE13BEF00120AB5 /* FeedImageDataLoaderPresentationAdapter.swift in Sources */,
				F4E347302BE13BEF00120AB5 /* WeakRefVirtualProxy.swift in Sources */,
				F4E347342BE13BEF00120AB5 /* MainQueueDispatchDecorator.swift in Sources */,
				F4F21D2A2BDE531D00D35625 /* FeedLoaderCacheDecorator.swift in Sources */,
				F4E346D92BE1003700120AB5 /* DebuggingSceneDelegate.swift in Sources */,
				F470427C2BDC0CD200C4A7EF /* SceneDelegate.swift in Sources */,
				F4403BA82BDD38B20020CF1B /* FeedImageDataLoaderWithFallbackComposite.swift in Sources */,
				F4E347352BE13BEF00120AB5 /* FeedLoaderPresentationAdapter.swift in Sources */,
				F4E347332BE13BEF00120AB5 /* FeedUIComposer.swift in Sources */,
				F4E347312BE13BEF00120AB5 /* FeedViewAdapter.swift in Sources */,
				F4F21D302BDE6D9200D35625 /* FeedImageDataLoaderCacheDecorator.swift in Sources */,
			);
			runOnlyForDeploymentPostprocessing = 0;
		};
		F47042952BDCF96E00C4A7EF /* Sources */ = {
			isa = PBXSourcesBuildPhase;
			buildActionMask = 2147483647;
			files = (
				F4E347432BE13C0900120AB5 /* FeedViewController+TestHelpers.swift in Sources */,
				F4E347472BE13C0900120AB5 /* UIRefreshControl+TestHelpers.swift in Sources */,
				F4403BAD2BDD39E70020CF1B /* SharedTestHelpers.swift in Sources */,
				F4F21D2C2BDE544E00D35625 /* FeedImageDataLoaderCacheDecoratorTests.swift in Sources */,
				F4F21D262BDE447D00D35625 /* XCTestCase+FeedLoader.swift in Sources */,
				F4E347442BE13C0900120AB5 /* UIControl+TestHelpers.swift in Sources */,
				F4E347452BE13C0900120AB5 /* UIButton+TestHelpers.swift in Sources */,
				F4F21D342BDE6FBE00D35625 /* XCTestCase+FeedImageDataLoader.swift in Sources */,
				F4E346DD2BE132B100120AB5 /* SceneDelegateTests.swift in Sources */,
				F4E347402BE13C0900120AB5 /* UIImage+TestHelpers.swift in Sources */,
				F4F21D222BDE3AD300D35625 /* FeedLoaderCacheDecoratorTests.swift in Sources */,
				F4E347422BE13C0900120AB5 /* FeedImageCell+TestHelpers.swift in Sources */,
				F4E347412BE13C0900120AB5 /* FeedViewControllerTests+Localization.swift in Sources */,
				F4F21D322BDE6F6700D35625 /* FeedImageDataLoaderSpy.swift in Sources */,
				F4E347462BE13C0900120AB5 /* FeedViewControllerTests+Assertions.swift in Sources */,
				F4403BA42BDD09070020CF1B /* FeedImageDataLoaderWithFallbackCompositeTests.swift in Sources */,
				F470429C2BDCF96F00C4A7EF /* FeedLoaderWithFallbackCompositeTests.swift in Sources */,
				F4F21D242BDE433000D35625 /* FeedLoaderStub.swift in Sources */,
				F4E3474B2BE1484B00120AB5 /* FeedAcceptanceTests.swift in Sources */,
				F4E3473F2BE13C0900120AB5 /* FeedViewControllerTests+LoaderSpy.swift in Sources */,
				F4E347492BE13C1500120AB5 /* FeedUIIntegrationTests.swift in Sources */,
				F4403BAB2BDD39770020CF1B /* XCTestCase+MemoryLeakTracking.swift in Sources */,
			);
			runOnlyForDeploymentPostprocessing = 0;
		};
		F4F21D352BE0EE8100D35625 /* Sources */ = {
			isa = PBXSourcesBuildPhase;
			buildActionMask = 2147483647;
			files = (
				F4F21D3C2BE0EE8100D35625 /* EssentialAppUIAcceptanceTests.swift in Sources */,
			);
			runOnlyForDeploymentPostprocessing = 0;
		};
/* End PBXSourcesBuildPhase section */

/* Begin PBXTargetDependency section */
		F470429E2BDCF96F00C4A7EF /* PBXTargetDependency */ = {
			isa = PBXTargetDependency;
			target = F47042752BDC0CD200C4A7EF /* EssentialApp */;
			targetProxy = F470429D2BDCF96F00C4A7EF /* PBXContainerItemProxy */;
		};
		F4F21D402BE0EE8100D35625 /* PBXTargetDependency */ = {
			isa = PBXTargetDependency;
			target = F47042752BDC0CD200C4A7EF /* EssentialApp */;
			targetProxy = F4F21D3F2BE0EE8100D35625 /* PBXContainerItemProxy */;
		};
/* End PBXTargetDependency section */

/* Begin PBXVariantGroup section */
		F470427F2BDC0CD200C4A7EF /* Main.storyboard */ = {
			isa = PBXVariantGroup;
			children = (
				F47042802BDC0CD200C4A7EF /* Base */,
			);
			name = Main.storyboard;
			sourceTree = "<group>";
		};
		F47042842BDC0CD400C4A7EF /* LaunchScreen.storyboard */ = {
			isa = PBXVariantGroup;
			children = (
				F47042852BDC0CD400C4A7EF /* Base */,
			);
			name = LaunchScreen.storyboard;
			sourceTree = "<group>";
		};
/* End PBXVariantGroup section */

/* Begin XCBuildConfiguration section */
		F47042882BDC0CD400C4A7EF /* Debug */ = {
			isa = XCBuildConfiguration;
			buildSettings = {
				ALWAYS_SEARCH_USER_PATHS = NO;
				ASSETCATALOG_COMPILER_GENERATE_SWIFT_ASSET_SYMBOL_EXTENSIONS = YES;
				CLANG_ANALYZER_NONNULL = YES;
				CLANG_ANALYZER_NUMBER_OBJECT_CONVERSION = YES_AGGRESSIVE;
				CLANG_CXX_LANGUAGE_STANDARD = "gnu++20";
				CLANG_ENABLE_MODULES = YES;
				CLANG_ENABLE_OBJC_ARC = YES;
				CLANG_ENABLE_OBJC_WEAK = YES;
				CLANG_WARN_BLOCK_CAPTURE_AUTORELEASING = YES;
				CLANG_WARN_BOOL_CONVERSION = YES;
				CLANG_WARN_COMMA = YES;
				CLANG_WARN_CONSTANT_CONVERSION = YES;
				CLANG_WARN_DEPRECATED_OBJC_IMPLEMENTATIONS = YES;
				CLANG_WARN_DIRECT_OBJC_ISA_USAGE = YES_ERROR;
				CLANG_WARN_DOCUMENTATION_COMMENTS = YES;
				CLANG_WARN_EMPTY_BODY = YES;
				CLANG_WARN_ENUM_CONVERSION = YES;
				CLANG_WARN_INFINITE_RECURSION = YES;
				CLANG_WARN_INT_CONVERSION = YES;
				CLANG_WARN_NON_LITERAL_NULL_CONVERSION = YES;
				CLANG_WARN_OBJC_IMPLICIT_RETAIN_SELF = YES;
				CLANG_WARN_OBJC_LITERAL_CONVERSION = YES;
				CLANG_WARN_OBJC_ROOT_CLASS = YES_ERROR;
				CLANG_WARN_QUOTED_INCLUDE_IN_FRAMEWORK_HEADER = YES;
				CLANG_WARN_RANGE_LOOP_ANALYSIS = YES;
				CLANG_WARN_STRICT_PROTOTYPES = YES;
				CLANG_WARN_SUSPICIOUS_MOVE = YES;
				CLANG_WARN_UNGUARDED_AVAILABILITY = YES_AGGRESSIVE;
				CLANG_WARN_UNREACHABLE_CODE = YES;
				CLANG_WARN__DUPLICATE_METHOD_MATCH = YES;
				COPY_PHASE_STRIP = NO;
				DEBUG_INFORMATION_FORMAT = dwarf;
				ENABLE_STRICT_OBJC_MSGSEND = YES;
				ENABLE_TESTABILITY = YES;
				ENABLE_USER_SCRIPT_SANDBOXING = YES;
				GCC_C_LANGUAGE_STANDARD = gnu17;
				GCC_DYNAMIC_NO_PIC = NO;
				GCC_NO_COMMON_BLOCKS = YES;
				GCC_OPTIMIZATION_LEVEL = 0;
				GCC_PREPROCESSOR_DEFINITIONS = (
					"DEBUG=1",
					"$(inherited)",
				);
				GCC_WARN_64_TO_32_BIT_CONVERSION = YES;
				GCC_WARN_ABOUT_RETURN_TYPE = YES_ERROR;
				GCC_WARN_UNDECLARED_SELECTOR = YES;
				GCC_WARN_UNINITIALIZED_AUTOS = YES_AGGRESSIVE;
				GCC_WARN_UNUSED_FUNCTION = YES;
				GCC_WARN_UNUSED_VARIABLE = YES;
				IPHONEOS_DEPLOYMENT_TARGET = 17.4;
				LOCALIZATION_PREFERS_STRING_CATALOGS = YES;
				MTL_ENABLE_DEBUG_INFO = INCLUDE_SOURCE;
				MTL_FAST_MATH = YES;
				ONLY_ACTIVE_ARCH = YES;
				SDKROOT = iphoneos;
				SWIFT_ACTIVE_COMPILATION_CONDITIONS = "DEBUG $(inherited)";
				SWIFT_OPTIMIZATION_LEVEL = "-Onone";
			};
			name = Debug;
		};
		F47042892BDC0CD400C4A7EF /* Release */ = {
			isa = XCBuildConfiguration;
			buildSettings = {
				ALWAYS_SEARCH_USER_PATHS = NO;
				ASSETCATALOG_COMPILER_GENERATE_SWIFT_ASSET_SYMBOL_EXTENSIONS = YES;
				CLANG_ANALYZER_NONNULL = YES;
				CLANG_ANALYZER_NUMBER_OBJECT_CONVERSION = YES_AGGRESSIVE;
				CLANG_CXX_LANGUAGE_STANDARD = "gnu++20";
				CLANG_ENABLE_MODULES = YES;
				CLANG_ENABLE_OBJC_ARC = YES;
				CLANG_ENABLE_OBJC_WEAK = YES;
				CLANG_WARN_BLOCK_CAPTURE_AUTORELEASING = YES;
				CLANG_WARN_BOOL_CONVERSION = YES;
				CLANG_WARN_COMMA = YES;
				CLANG_WARN_CONSTANT_CONVERSION = YES;
				CLANG_WARN_DEPRECATED_OBJC_IMPLEMENTATIONS = YES;
				CLANG_WARN_DIRECT_OBJC_ISA_USAGE = YES_ERROR;
				CLANG_WARN_DOCUMENTATION_COMMENTS = YES;
				CLANG_WARN_EMPTY_BODY = YES;
				CLANG_WARN_ENUM_CONVERSION = YES;
				CLANG_WARN_INFINITE_RECURSION = YES;
				CLANG_WARN_INT_CONVERSION = YES;
				CLANG_WARN_NON_LITERAL_NULL_CONVERSION = YES;
				CLANG_WARN_OBJC_IMPLICIT_RETAIN_SELF = YES;
				CLANG_WARN_OBJC_LITERAL_CONVERSION = YES;
				CLANG_WARN_OBJC_ROOT_CLASS = YES_ERROR;
				CLANG_WARN_QUOTED_INCLUDE_IN_FRAMEWORK_HEADER = YES;
				CLANG_WARN_RANGE_LOOP_ANALYSIS = YES;
				CLANG_WARN_STRICT_PROTOTYPES = YES;
				CLANG_WARN_SUSPICIOUS_MOVE = YES;
				CLANG_WARN_UNGUARDED_AVAILABILITY = YES_AGGRESSIVE;
				CLANG_WARN_UNREACHABLE_CODE = YES;
				CLANG_WARN__DUPLICATE_METHOD_MATCH = YES;
				COPY_PHASE_STRIP = NO;
				DEBUG_INFORMATION_FORMAT = "dwarf-with-dsym";
				ENABLE_NS_ASSERTIONS = NO;
				ENABLE_STRICT_OBJC_MSGSEND = YES;
				ENABLE_USER_SCRIPT_SANDBOXING = YES;
				GCC_C_LANGUAGE_STANDARD = gnu17;
				GCC_NO_COMMON_BLOCKS = YES;
				GCC_WARN_64_TO_32_BIT_CONVERSION = YES;
				GCC_WARN_ABOUT_RETURN_TYPE = YES_ERROR;
				GCC_WARN_UNDECLARED_SELECTOR = YES;
				GCC_WARN_UNINITIALIZED_AUTOS = YES_AGGRESSIVE;
				GCC_WARN_UNUSED_FUNCTION = YES;
				GCC_WARN_UNUSED_VARIABLE = YES;
				IPHONEOS_DEPLOYMENT_TARGET = 17.4;
				LOCALIZATION_PREFERS_STRING_CATALOGS = YES;
				MTL_ENABLE_DEBUG_INFO = NO;
				MTL_FAST_MATH = YES;
				SDKROOT = iphoneos;
				SWIFT_COMPILATION_MODE = wholemodule;
				VALIDATE_PRODUCT = YES;
			};
			name = Release;
		};
		F470428B2BDC0CD400C4A7EF /* Debug */ = {
			isa = XCBuildConfiguration;
			buildSettings = {
				ASSETCATALOG_COMPILER_APPICON_NAME = AppIcon;
				ASSETCATALOG_COMPILER_GLOBAL_ACCENT_COLOR_NAME = AccentColor;
				CODE_SIGN_STYLE = Automatic;
				CURRENT_PROJECT_VERSION = 1;
				DEVELOPMENT_TEAM = SC3D86JVL3;
				GENERATE_INFOPLIST_FILE = YES;
				INFOPLIST_FILE = EssentialApp/Info.plist;
				INFOPLIST_KEY_UIApplicationSupportsIndirectInputEvents = YES;
				INFOPLIST_KEY_UILaunchStoryboardName = LaunchScreen;
				INFOPLIST_KEY_UIMainStoryboardFile = Main;
				INFOPLIST_KEY_UISupportedInterfaceOrientations = UIInterfaceOrientationPortrait;
				LD_RUNPATH_SEARCH_PATHS = (
					"$(inherited)",
					"@executable_path/Frameworks",
				);
				MARKETING_VERSION = 1.0;
				PRODUCT_BUNDLE_IDENTIFIER = com.afsal.EssentialApp.EssentialApp;
				PRODUCT_NAME = "$(TARGET_NAME)";
				SUPPORTED_PLATFORMS = "iphoneos iphonesimulator";
				SUPPORTS_MACCATALYST = NO;
				SUPPORTS_MAC_DESIGNED_FOR_IPHONE_IPAD = NO;
				SUPPORTS_XR_DESIGNED_FOR_IPHONE_IPAD = NO;
				SWIFT_EMIT_LOC_STRINGS = YES;
				SWIFT_VERSION = 5.0;
				TARGETED_DEVICE_FAMILY = 1;
			};
			name = Debug;
		};
		F470428C2BDC0CD400C4A7EF /* Release */ = {
			isa = XCBuildConfiguration;
			buildSettings = {
				ASSETCATALOG_COMPILER_APPICON_NAME = AppIcon;
				ASSETCATALOG_COMPILER_GLOBAL_ACCENT_COLOR_NAME = AccentColor;
				CODE_SIGN_STYLE = Automatic;
				CURRENT_PROJECT_VERSION = 1;
				DEVELOPMENT_TEAM = SC3D86JVL3;
				GENERATE_INFOPLIST_FILE = YES;
				INFOPLIST_FILE = EssentialApp/Info.plist;
				INFOPLIST_KEY_UIApplicationSupportsIndirectInputEvents = YES;
				INFOPLIST_KEY_UILaunchStoryboardName = LaunchScreen;
				INFOPLIST_KEY_UIMainStoryboardFile = Main;
				INFOPLIST_KEY_UISupportedInterfaceOrientations = UIInterfaceOrientationPortrait;
				LD_RUNPATH_SEARCH_PATHS = (
					"$(inherited)",
					"@executable_path/Frameworks",
				);
				MARKETING_VERSION = 1.0;
				PRODUCT_BUNDLE_IDENTIFIER = com.afsal.EssentialApp.EssentialApp;
				PRODUCT_NAME = "$(TARGET_NAME)";
				SUPPORTED_PLATFORMS = "iphoneos iphonesimulator";
				SUPPORTS_MACCATALYST = NO;
				SUPPORTS_MAC_DESIGNED_FOR_IPHONE_IPAD = NO;
				SUPPORTS_XR_DESIGNED_FOR_IPHONE_IPAD = NO;
				SWIFT_EMIT_LOC_STRINGS = YES;
				SWIFT_VERSION = 5.0;
				TARGETED_DEVICE_FAMILY = 1;
			};
			name = Release;
		};
		F47042A02BDCF96F00C4A7EF /* Debug */ = {
			isa = XCBuildConfiguration;
			buildSettings = {
				BUNDLE_LOADER = "$(TEST_HOST)";
				CODE_SIGN_STYLE = Automatic;
				CURRENT_PROJECT_VERSION = 1;
				DEVELOPMENT_TEAM = SC3D86JVL3;
				GENERATE_INFOPLIST_FILE = YES;
				MARKETING_VERSION = 1.0;
				PRODUCT_BUNDLE_IDENTIFIER = com.afsal.EssentialApp.EssentialAppTests;
				PRODUCT_NAME = "$(TARGET_NAME)";
				SWIFT_EMIT_LOC_STRINGS = NO;
				SWIFT_VERSION = 5.0;
				TARGETED_DEVICE_FAMILY = "1,2";
				TEST_HOST = "$(BUILT_PRODUCTS_DIR)/EssentialApp.app/$(BUNDLE_EXECUTABLE_FOLDER_PATH)/EssentialApp";
			};
			name = Debug;
		};
		F47042A12BDCF96F00C4A7EF /* Release */ = {
			isa = XCBuildConfiguration;
			buildSettings = {
				BUNDLE_LOADER = "$(TEST_HOST)";
				CODE_SIGN_STYLE = Automatic;
				CURRENT_PROJECT_VERSION = 1;
				DEVELOPMENT_TEAM = SC3D86JVL3;
				GENERATE_INFOPLIST_FILE = YES;
				MARKETING_VERSION = 1.0;
				PRODUCT_BUNDLE_IDENTIFIER = com.afsal.EssentialApp.EssentialAppTests;
				PRODUCT_NAME = "$(TARGET_NAME)";
				SWIFT_EMIT_LOC_STRINGS = NO;
				SWIFT_VERSION = 5.0;
				TARGETED_DEVICE_FAMILY = "1,2";
				TEST_HOST = "$(BUILT_PRODUCTS_DIR)/EssentialApp.app/$(BUNDLE_EXECUTABLE_FOLDER_PATH)/EssentialApp";
			};
			name = Release;
		};
		F4F21D422BE0EE8100D35625 /* Debug */ = {
			isa = XCBuildConfiguration;
			buildSettings = {
				CODE_SIGN_STYLE = Automatic;
				CURRENT_PROJECT_VERSION = 1;
				DEVELOPMENT_TEAM = SC3D86JVL3;
				GENERATE_INFOPLIST_FILE = YES;
				MARKETING_VERSION = 1.0;
				PRODUCT_BUNDLE_IDENTIFIER = com.afsal.EssentialApp.EssentialAppUIAcceptanceTests;
				PRODUCT_NAME = "$(TARGET_NAME)";
				SWIFT_EMIT_LOC_STRINGS = NO;
				SWIFT_VERSION = 5.0;
				TARGETED_DEVICE_FAMILY = "1,2";
				TEST_TARGET_NAME = EssentialApp;
			};
			name = Debug;
		};
		F4F21D432BE0EE8100D35625 /* Release */ = {
			isa = XCBuildConfiguration;
			buildSettings = {
				CODE_SIGN_STYLE = Automatic;
				CURRENT_PROJECT_VERSION = 1;
				DEVELOPMENT_TEAM = SC3D86JVL3;
				GENERATE_INFOPLIST_FILE = YES;
				MARKETING_VERSION = 1.0;
				PRODUCT_BUNDLE_IDENTIFIER = com.afsal.EssentialApp.EssentialAppUIAcceptanceTests;
				PRODUCT_NAME = "$(TARGET_NAME)";
				SWIFT_EMIT_LOC_STRINGS = NO;
				SWIFT_VERSION = 5.0;
				TARGETED_DEVICE_FAMILY = "1,2";
				TEST_TARGET_NAME = EssentialApp;
			};
			name = Release;
		};
/* End XCBuildConfiguration section */

/* Begin XCConfigurationList section */
		F47042712BDC0CD200C4A7EF /* Build configuration list for PBXProject "EssentialApp" */ = {
			isa = XCConfigurationList;
			buildConfigurations = (
				F47042882BDC0CD400C4A7EF /* Debug */,
				F47042892BDC0CD400C4A7EF /* Release */,
			);
			defaultConfigurationIsVisible = 0;
			defaultConfigurationName = Release;
		};
		F470428A2BDC0CD400C4A7EF /* Build configuration list for PBXNativeTarget "EssentialApp" */ = {
			isa = XCConfigurationList;
			buildConfigurations = (
				F470428B2BDC0CD400C4A7EF /* Debug */,
				F470428C2BDC0CD400C4A7EF /* Release */,
			);
			defaultConfigurationIsVisible = 0;
			defaultConfigurationName = Release;
		};
		F470429F2BDCF96F00C4A7EF /* Build configuration list for PBXNativeTarget "EssentialAppTests" */ = {
			isa = XCConfigurationList;
			buildConfigurations = (
				F47042A02BDCF96F00C4A7EF /* Debug */,
				F47042A12BDCF96F00C4A7EF /* Release */,
			);
			defaultConfigurationIsVisible = 0;
			defaultConfigurationName = Release;
		};
		F4F21D412BE0EE8100D35625 /* Build configuration list for PBXNativeTarget "EssentialAppUIAcceptanceTests" */ = {
			isa = XCConfigurationList;
			buildConfigurations = (
				F4F21D422BE0EE8100D35625 /* Debug */,
				F4F21D432BE0EE8100D35625 /* Release */,
			);
			defaultConfigurationIsVisible = 0;
			defaultConfigurationName = Release;
		};
/* End XCConfigurationList section */
	};
	rootObject = F470426E2BDC0CD200C4A7EF /* Project object */;
}
